PODS:
  - GoNativeCore (1.5.6):
    - GoNativeCore/Binary (= 1.5.6)
  - GoNativeCore/Binary (1.5.6)
  - GonativeIcons (1.0.5)

DEPENDENCIES:
  - GoNativeCore
  - GonativeIcons

SPEC REPOS:
  "git@github.com:gonativeio/gonative-specs.git":
    - GoNativeCore
    - GonativeIcons

SPEC CHECKSUMS:
  GoNativeCore: 7078dac099f5b2f7e39f76e201d7ace1205206be
  GonativeIcons: 3b0d9e25558f9b740255dedb0f218d622ff836b0

PODFILE CHECKSUM: fc71fe0500b4921f8956f67fc774515cb148943e

COCOAPODS: 1.12.1
