PODS:
  - GoNativeCore (1.3.10)
  - SwiftIconFont (6.1.1)

DEPENDENCIES:
  - GoNativeCore
  - SwiftIconFont

SPEC REPOS:
  "git@github.com:gonativeio/gonative-specs.git":
    - GoNativeCore
  trunk:
    - SwiftIconFont

SPEC CHECKSUMS:
  GoNativeCore: a802ec46275051fe1157253e252835021a67b2da
  SwiftIconFont: 0a772c5ac65a40c9b0675efa37b4928158bd8e43

PODFILE CHECKSUM: 7ef086e400a7fd95b98da931f95c2690fee92a81

COCOAPODS: 1.11.2
