PODS:
  - GoNativeCore (1.3.16)
  - GonativeIcons (1.0.4)

DEPENDENCIES:
  - GoNativeCore
  - GonativeIcons

SPEC REPOS:
  "git@github.com:gonativeio/gonative-specs.git":
    - GoNativeCore
    - GonativeIcons

SPEC CHECKSUMS:
  GoNativeCore: 38eaaa7f1c3332050eadd09a5cea7e55d82e3580
  GonativeIcons: 84e1db4f23a3a5615f4d66991e22934b97ee9326

PODFILE CHECKSUM: 19aa2945c1fb86dafdcac4c091861b9e9408b625

COCOAPODS: 1.11.2
