// !$*UTF8*$!
{
	archiveVersion = 1;
	classes = {
	};
	objectVersion = 46;
	objects = {

/* Begin PBXBuildFile section */
		2002B49C18A9991300495B3D /* Foundation.framework in Frameworks */ = {isa = PBXBuildFile; fileRef = 2002B49B18A9991300495B3D /* Foundation.framework */; };
		2002B49E18A9991300495B3D /* CoreGraphics.framework in Frameworks */ = {isa = PBXBuildFile; fileRef = 2002B49D18A9991300495B3D /* CoreGraphics.framework */; };
		2002B4A018A9991300495B3D /* UIKit.framework in Frameworks */ = {isa = PBXBuildFile; fileRef = 2002B49F18A9991300495B3D /* UIKit.framework */; };
		2002B4A618A9991300495B3D /* InfoPlist.strings in Resources */ = {isa = PBXBuildFile; fileRef = 2002B4A418A9991300495B3D /* InfoPlist.strings */; };
		2002B4A818A9991300495B3D /* main.m in Sources */ = {isa = PBXBuildFile; fileRef = 2002B4A718A9991300495B3D /* main.m */; };
		2002B4AC18A9991300495B3D /* LEANAppDelegate.m in Sources */ = {isa = PBXBuildFile; fileRef = 2002B4AB18A9991300495B3D /* LEANAppDelegate.m */; };
		2002B4AF18A9991300495B3D /* Main.storyboard in Resources */ = {isa = PBXBuildFile; fileRef = 2002B4AD18A9991300495B3D /* Main.storyboard */; };
		2002B4B518A9991300495B3D /* LEANWebViewController.m in Sources */ = {isa = PBXBuildFile; fileRef = 2002B4B418A9991300495B3D /* LEANWebViewController.m */; };
		2002B4B718A9991300495B3D /* Images.xcassets in Resources */ = {isa = PBXBuildFile; fileRef = 2002B4B618A9991300495B3D /* Images.xcassets */; };
		2002B4BF18A9991300495B3D /* Foundation.framework in Frameworks */ = {isa = PBXBuildFile; fileRef = 2002B49B18A9991300495B3D /* Foundation.framework */; };
		2002B4C018A9991300495B3D /* UIKit.framework in Frameworks */ = {isa = PBXBuildFile; fileRef = 2002B49F18A9991300495B3D /* UIKit.framework */; };
		2002B4C818A9991300495B3D /* InfoPlist.strings in Resources */ = {isa = PBXBuildFile; fileRef = 2002B4C618A9991300495B3D /* InfoPlist.strings */; };
		2002B4CA18A9991300495B3D /* LeanIOSTests.m in Sources */ = {isa = PBXBuildFile; fileRef = 2002B4C918A9991300495B3D /* LeanIOSTests.m */; };
		2002B4E518A99A9900495B3D /* RECommonFunctions.m in Sources */ = {isa = PBXBuildFile; fileRef = 2002B4DA18A99A9900495B3D /* RECommonFunctions.m */; };
		2002B4E618A99A9900495B3D /* REFrostedContainerViewController.m in Sources */ = {isa = PBXBuildFile; fileRef = 2002B4DC18A99A9900495B3D /* REFrostedContainerViewController.m */; };
		2002B4E718A99A9900495B3D /* REFrostedViewController.m in Sources */ = {isa = PBXBuildFile; fileRef = 2002B4DE18A99A9900495B3D /* REFrostedViewController.m */; };
		2002B4E818A99A9900495B3D /* UIImage+REFrostedViewController.m in Sources */ = {isa = PBXBuildFile; fileRef = 2002B4E018A99A9900495B3D /* UIImage+REFrostedViewController.m */; };
		2002B4E918A99A9900495B3D /* UIView+REFrostedViewController.m in Sources */ = {isa = PBXBuildFile; fileRef = 2002B4E218A99A9900495B3D /* UIView+REFrostedViewController.m */; };
		2002B4EA18A99A9900495B3D /* UIViewController+REFrostedViewController.m in Sources */ = {isa = PBXBuildFile; fileRef = 2002B4E418A99A9900495B3D /* UIViewController+REFrostedViewController.m */; };
		2002B4F918A99C4100495B3D /* LEANMenuViewController.m in Sources */ = {isa = PBXBuildFile; fileRef = 2002B4F118A99C4100495B3D /* LEANMenuViewController.m */; };
		2002B4FA18A99C4100495B3D /* LEANNavigationController.m in Sources */ = {isa = PBXBuildFile; fileRef = 2002B4F318A99C4100495B3D /* LEANNavigationController.m */; };
		2002B4FB18A99C4100495B3D /* LEANRootViewController.m in Sources */ = {isa = PBXBuildFile; fileRef = 2002B4F518A99C4100495B3D /* LEANRootViewController.m */; };
		2002B4FC18A99C4100495B3D /* LEANUtilities.m in Sources */ = {isa = PBXBuildFile; fileRef = 2002B4F718A99C4100495B3D /* LEANUtilities.m */; };
		2002B51318AB093900495B3D /* jquery-2.1.0.min.js in Resources */ = {isa = PBXBuildFile; fileRef = 2002B51118AB091C00495B3D /* jquery-2.1.0.min.js */; };
		2004820518B080DD005FDD9A /* SidebarHeaderView.xib in Resources */ = {isa = PBXBuildFile; fileRef = 2004820418B080DD005FDD9A /* SidebarHeaderView.xib */; };
		2004AF7B18F8F936001E01E9 /* LEANWebViewIntercept.m in Sources */ = {isa = PBXBuildFile; fileRef = 2004AF7A18F8F936001E01E9 /* LEANWebViewIntercept.m */; };
		200F75D01BCDA6B800C08BB5 /* notification.aff in Resources */ = {isa = PBXBuildFile; fileRef = 200F75CF1BCDA6B800C08BB5 /* notification.aff */; };
		2018EE951907671A00EC4311 /* LEANUrlInspector.m in Sources */ = {isa = PBXBuildFile; fileRef = 2018EE941907671A00EC4311 /* LEANUrlInspector.m */; };
		20191C471923DF6400BF1549 /* LEANProfilePicker.m in Sources */ = {isa = PBXBuildFile; fileRef = 20191C461923DF6400BF1549 /* LEANProfilePicker.m */; };
		201AB2D61996AD66008C31BF /* LEANInstallation.m in Sources */ = {isa = PBXBuildFile; fileRef = 201AB2D51996AD66008C31BF /* LEANInstallation.m */; };
		202BE5711B9757070064D928 /* AudioToolbox.framework in Frameworks */ = {isa = PBXBuildFile; fileRef = 202BE5701B9757070064D928 /* AudioToolbox.framework */; };
		202BE5731B97570D0064D928 /* CFNetwork.framework in Frameworks */ = {isa = PBXBuildFile; fileRef = 202BE5721B97570D0064D928 /* CFNetwork.framework */; };
		202BE5751B97571B0064D928 /* CoreLocation.framework in Frameworks */ = {isa = PBXBuildFile; fileRef = 202BE5741B97571B0064D928 /* CoreLocation.framework */; };
		202BE5771B9757240064D928 /* QuartzCore.framework in Frameworks */ = {isa = PBXBuildFile; fileRef = 202BE5761B9757240064D928 /* QuartzCore.framework */; };
		202BE5791B97572C0064D928 /* Security.framework in Frameworks */ = {isa = PBXBuildFile; fileRef = 202BE5781B97572C0064D928 /* Security.framework */; };
		202BE57D1B9757390064D928 /* SystemConfiguration.framework in Frameworks */ = {isa = PBXBuildFile; fileRef = 202BE57C1B9757390064D928 /* SystemConfiguration.framework */; };
		202BE5811B97574E0064D928 /* Accounts.framework in Frameworks */ = {isa = PBXBuildFile; fileRef = 202BE5801B97574E0064D928 /* Accounts.framework */; };
		202BE5831B9757530064D928 /* Social.framework in Frameworks */ = {isa = PBXBuildFile; fileRef = 202BE5821B9757530064D928 /* Social.framework */; };
		202E989519EF30C8009C28AD /* Reachability.m in Sources */ = {isa = PBXBuildFile; fileRef = 202E989419EF30C8009C28AD /* Reachability.m */; };
		2046CAFA1BC0790800714F66 /* GNRegistrationManager.m in Sources */ = {isa = PBXBuildFile; fileRef = 2046CAF91BC0790800714F66 /* GNRegistrationManager.m */; };
		204AE86318D4D60D009AF272 /* NSURL+LEANUtilities.m in Sources */ = {isa = PBXBuildFile; fileRef = 204AE86218D4D60D009AF272 /* NSURL+LEANUtilities.m */; };
		204D783F18F9A4F7005DD37E /* GTMNSString+HTML.m in Sources */ = {isa = PBXBuildFile; fileRef = 204D783E18F9A4F7005DD37E /* GTMNSString+HTML.m */; };
		20580E031B2E53730061943C /* offline.html in Resources */ = {isa = PBXBuildFile; fileRef = 20580E021B2E53730061943C /* offline.html */; };
		20689025215E9FD900419CB2 /* Localizable.strings in Resources */ = {isa = PBXBuildFile; fileRef = 20689023215E9FD900419CB2 /* Localizable.strings */; };
		2075775621957C1600ADD73A /* LaunchScreen.storyboard in Resources */ = {isa = PBXBuildFile; fileRef = 2075775521957C1600ADD73A /* LaunchScreen.storyboard */; };
		207577582195BE3500ADD73A /* LaunchScreenNoNav.storyboard in Resources */ = {isa = PBXBuildFile; fileRef = 207577572195BE3500ADD73A /* LaunchScreenNoNav.storyboard */; };
		2075775A2195D80300ADD73A /* LaunchScreenNav.storyboard in Resources */ = {isa = PBXBuildFile; fileRef = 207577592195D80300ADD73A /* LaunchScreenNav.storyboard */; };
		20890D872383421900BC9335 /* BlobDownloader.js in Resources */ = {isa = PBXBuildFile; fileRef = 20890D862383421800BC9335 /* BlobDownloader.js */; };
		2089662718AC6753007FC34F /* LEANLoginManager.m in Sources */ = {isa = PBXBuildFile; fileRef = 2089662618AC6753007FC34F /* LEANLoginManager.m */; };
		208A9F42191AEBAD0049E664 /* appConfig.json in Resources */ = {isa = PBXBuildFile; fileRef = 208A9F41191AEBAD0049E664 /* appConfig.json */; };
		20912D732380DB7600506807 /* GNFileWriterSharer.m in Sources */ = {isa = PBXBuildFile; fileRef = 20912D722380DB7600506807 /* GNFileWriterSharer.m */; };
		2092E238205C3E83005E8B71 /* GNConfigPreferences.m in Sources */ = {isa = PBXBuildFile; fileRef = 2092E237205C3E83005E8B71 /* GNConfigPreferences.m */; };
		209A964323BABF2D001906F1 /* GNBackgroundAudio.m in Sources */ = {isa = PBXBuildFile; fileRef = 209A964223BABF2D001906F1 /* GNBackgroundAudio.m */; };
		209A964523BAC508001906F1 /* appbeep.wav in Resources */ = {isa = PBXBuildFile; fileRef = 209A964423BAC508001906F1 /* appbeep.wav */; };
		209B3219193FA36F0052A7C6 /* LEANUrlCache.m in Sources */ = {isa = PBXBuildFile; fileRef = 209B3218193FA36F0052A7C6 /* LEANUrlCache.m */; };
		209B321D193FB11A0052A7C6 /* localCache.zip in Resources */ = {isa = PBXBuildFile; fileRef = 209B321C193FB11A0052A7C6 /* localCache.zip */; };
		209B3309193FC5570052A7C6 /* libzipzap.a in Frameworks */ = {isa = PBXBuildFile; fileRef = 209B3307193FC4CE0052A7C6 /* libzipzap.a */; settings = {ATTRIBUTES = (Required, ); }; };
		20A0B6ED1A363EFB00D9C3F2 /* MessageUI.framework in Frameworks */ = {isa = PBXBuildFile; fileRef = 20A0B6EC1A363EFB00D9C3F2 /* MessageUI.framework */; };
		20A13AA81905A43C00B997DD /* MenuGroupIcon.xib in Resources */ = {isa = PBXBuildFile; fileRef = 20A13AA71905A43C00B997DD /* MenuGroupIcon.xib */; };
		20A13AB61905DED100B997DD /* MenuChildIcon.xib in Resources */ = {isa = PBXBuildFile; fileRef = 20A13AB51905DED100B997DD /* MenuChildIcon.xib */; };
		20A13AB81905DFFC00B997DD /* MenuGroupNoIcon.xib in Resources */ = {isa = PBXBuildFile; fileRef = 20A13AB71905DFFC00B997DD /* MenuGroupNoIcon.xib */; };
		20A13ABC1905FAA600B997DD /* MenuChildNoIcon.xib in Resources */ = {isa = PBXBuildFile; fileRef = 20A13ABB1905FAA600B997DD /* MenuChildNoIcon.xib */; };
		20A525EE1A7D94EE00936DC5 /* Settings.bundle in Resources */ = {isa = PBXBuildFile; fileRef = 20A525ED1A7D94EE00936DC5 /* Settings.bundle */; };
		20A7FF05197F6DDE006FDF44 /* LEANConfigUpdater.m in Sources */ = {isa = PBXBuildFile; fileRef = 20A7FF04197F6DDE006FDF44 /* LEANConfigUpdater.m */; };
		20AEC8CA234BE20200DBE24D /* Assets.xcassets in Resources */ = {isa = PBXBuildFile; fileRef = 20AEC8C9234BE20200DBE24D /* Assets.xcassets */; };
		20B6B55519AC4C2E004019C4 /* LEANDocumentSharer.m in Sources */ = {isa = PBXBuildFile; fileRef = 20B6B55419AC4C2E004019C4 /* LEANDocumentSharer.m */; };
		20B8FFB71EB79D3F000F4CFA /* GNCustomHeaders.m in Sources */ = {isa = PBXBuildFile; fileRef = 20B8FFB61EB79D3F000F4CFA /* GNCustomHeaders.m */; };
		20B927AA28C4F03E004D4C15 /* custom-icons.ttf in Resources */ = {isa = PBXBuildFile; fileRef = 20B927A928C4EFE9004D4C15 /* custom-icons.ttf */; };
		20C62B7D1D2708B7001D1646 /* GoNativeKeychain.swift in Sources */ = {isa = PBXBuildFile; fileRef = 20C62B7C1D2708B7001D1646 /* GoNativeKeychain.swift */; };
		20CC06A72671191C00C794F2 /* LEANJsCustomCodeExecutor.m in Sources */ = {isa = PBXBuildFile; fileRef = 2018EE931907671A00EC5312 /* LEANJsCustomCodeExecutor.m */; };
		20CC8EFE2677BE470083982E /* WindowsController.swift in Sources */ = {isa = PBXBuildFile; fileRef = 20CC8EFD2677BE470083982E /* WindowsController.swift */; };
		20D77B701A2547E5008A938D /* LEANActionManager.m in Sources */ = {isa = PBXBuildFile; fileRef = 20D77B6F1A2547E5008A938D /* LEANActionManager.m */; };
		20DDA55B28BE706D00635E59 /* custom-icons.json in Resources */ = {isa = PBXBuildFile; fileRef = 20DDA55A28BE706D00635E59 /* custom-icons.json */; };
		20E49F8219A2C30C00B9343E /* LEANWebViewPool.m in Sources */ = {isa = PBXBuildFile; fileRef = 20E49F8119A2C30C00B9343E /* LEANWebViewPool.m */; };
		20F1F40D24F969F0004F680B /* custom_sound_1.aff in Resources */ = {isa = PBXBuildFile; fileRef = 20F1F40824F969EF004F680B /* custom_sound_1.aff */; };
		20F1F40E24F969F0004F680B /* custom_sound_4.aff in Resources */ = {isa = PBXBuildFile; fileRef = 20F1F40924F969EF004F680B /* custom_sound_4.aff */; };
		20F1F40F24F969F0004F680B /* custom_sound_3.aff in Resources */ = {isa = PBXBuildFile; fileRef = 20F1F40A24F969EF004F680B /* custom_sound_3.aff */; };
		20F1F41024F969F0004F680B /* custom_sound_5.aff in Resources */ = {isa = PBXBuildFile; fileRef = 20F1F40B24F969F0004F680B /* custom_sound_5.aff */; };
		20F1F41124F969F0004F680B /* custom_sound_2.aff in Resources */ = {isa = PBXBuildFile; fileRef = 20F1F40C24F969F0004F680B /* custom_sound_2.aff */; };
		20F38BAE1B0D5AC700E90B4D /* LEANToolbarManager.m in Sources */ = {isa = PBXBuildFile; fileRef = 20F38BAD1B0D5AC700E90B4D /* LEANToolbarManager.m */; };
		20F49C2519C7BE8900B46C5A /* MediaAccessibility.framework in Frameworks */ = {isa = PBXBuildFile; fileRef = 20F49C2419C7BE8900B46C5A /* MediaAccessibility.framework */; };
		20F49C2719C7BE9100B46C5A /* CoreText.framework in Frameworks */ = {isa = PBXBuildFile; fileRef = 20F49C2619C7BE9100B46C5A /* CoreText.framework */; };
		20FC7FB5199D1C7800A70B08 /* LEANTabManager.m in Sources */ = {isa = PBXBuildFile; fileRef = 20FC7FB4199D1C7800A70B08 /* LEANTabManager.m */; };
		39B8E8632858B04A00355B24 /* LEANRegexRulesManager.m in Sources */ = {isa = PBXBuildFile; fileRef = 39B8E8612858B04A00355B24 /* LEANRegexRulesManager.m */; };
		39DE1B492935E67F0001E926 /* GNLogManager.m in Sources */ = {isa = PBXBuildFile; fileRef = 39DE1B482935E67F0001E926 /* GNLogManager.m */; };
		819367FAA49CF2412FB7D362 /* Pods_GonativeIO.framework in Frameworks */ = {isa = PBXBuildFile; fileRef = 8070A7DACE54310282403AE6 /* Pods_GonativeIO.framework */; };
		BB3C460E26A9C1F9007D03DA /* GoNativeJSBridgeLibrary.js in Resources */ = {isa = PBXBuildFile; fileRef = BB3C460D26A9C1F9007D03DA /* GoNativeJSBridgeLibrary.js */; };
		BB6E68A9273C731E004846A3 /* GNJSBridgeInterface.m in Sources */ = {isa = PBXBuildFile; fileRef = BB6E68A8273C731E004846A3 /* GNJSBridgeInterface.m */; };
		BB9A3B012631D2A7002C38F1 /* LEANIcons.swift in Sources */ = {isa = PBXBuildFile; fileRef = BB9A3B002631D2A7002C38F1 /* LEANIcons.swift */; };
		BBD972F227AF17C500AD4FC0 /* GoogleService-Info.plist in Resources */ = {isa = PBXBuildFile; fileRef = BBD972F127AF17C500AD4FC0 /* GoogleService-Info.plist */; };
		C998731A34E1EC954763F8EB /* Pods_GoNativeIOSTests.framework in Frameworks */ = {isa = PBXBuildFile; fileRef = 88A370049F0BF6D1FF36DAEE /* Pods_GoNativeIOSTests.framework */; };
/* End PBXBuildFile section */

/* Begin PBXContainerItemProxy section */
		2002B4C118A9991300495B3D /* PBXContainerItemProxy */ = {
			isa = PBXContainerItemProxy;
			containerPortal = 2002B49018A9991300495B3D /* Project object */;
			proxyType = 1;
			remoteGlobalIDString = 2002B49718A9991300495B3D;
			remoteInfo = LeanIOS;
		};
/* End PBXContainerItemProxy section */

/* Begin PBXCopyFilesBuildPhase section */
		2081A2921F33ECE900057E3F /* Embed App Extensions */ = {
			isa = PBXCopyFilesBuildPhase;
			buildActionMask = 2147483647;
			dstPath = "";
			dstSubfolderSpec = 13;
			files = (
			);
			name = "Embed App Extensions";
			runOnlyForDeploymentPostprocessing = 0;
		};
/* End PBXCopyFilesBuildPhase section */

/* Begin PBXFileReference section */
		123B42EE01E9717A212060F2 /* Pods-GonativeIO.release.xcconfig */ = {isa = PBXFileReference; includeInIndex = 1; lastKnownFileType = text.xcconfig; name = "Pods-GonativeIO.release.xcconfig"; path = "Target Support Files/Pods-GonativeIO/Pods-GonativeIO.release.xcconfig"; sourceTree = "<group>"; };
		2002B49818A9991300495B3D /* GonativeIO.app */ = {isa = PBXFileReference; explicitFileType = wrapper.application; includeInIndex = 0; path = GonativeIO.app; sourceTree = BUILT_PRODUCTS_DIR; };
		2002B49B18A9991300495B3D /* Foundation.framework */ = {isa = PBXFileReference; lastKnownFileType = wrapper.framework; name = Foundation.framework; path = System/Library/Frameworks/Foundation.framework; sourceTree = SDKROOT; };
		2002B49D18A9991300495B3D /* CoreGraphics.framework */ = {isa = PBXFileReference; lastKnownFileType = wrapper.framework; name = CoreGraphics.framework; path = System/Library/Frameworks/CoreGraphics.framework; sourceTree = SDKROOT; };
		2002B49F18A9991300495B3D /* UIKit.framework */ = {isa = PBXFileReference; lastKnownFileType = wrapper.framework; name = UIKit.framework; path = System/Library/Frameworks/UIKit.framework; sourceTree = SDKROOT; };
		2002B4A318A9991300495B3D /* GoNativeIOS-Info.plist */ = {isa = PBXFileReference; lastKnownFileType = text.plist.xml; path = "GoNativeIOS-Info.plist"; sourceTree = "<group>"; };
		2002B4A518A9991300495B3D /* en */ = {isa = PBXFileReference; lastKnownFileType = text.plist.strings; name = en; path = en.lproj/InfoPlist.strings; sourceTree = "<group>"; };
		2002B4A718A9991300495B3D /* main.m */ = {isa = PBXFileReference; lastKnownFileType = sourcecode.c.objc; path = main.m; sourceTree = "<group>"; };
		2002B4A918A9991300495B3D /* GoNativeIOS-Prefix.pch */ = {isa = PBXFileReference; lastKnownFileType = sourcecode.c.h; path = "GoNativeIOS-Prefix.pch"; sourceTree = "<group>"; };
		2002B4AA18A9991300495B3D /* LEANAppDelegate.h */ = {isa = PBXFileReference; lastKnownFileType = sourcecode.c.h; path = LEANAppDelegate.h; sourceTree = "<group>"; };
		2002B4AB18A9991300495B3D /* LEANAppDelegate.m */ = {isa = PBXFileReference; lastKnownFileType = sourcecode.c.objc; path = LEANAppDelegate.m; sourceTree = "<group>"; };
		2002B4AE18A9991300495B3D /* Base */ = {isa = PBXFileReference; lastKnownFileType = file.storyboard; name = Base; path = Base.lproj/Main.storyboard; sourceTree = "<group>"; };
		2002B4B318A9991300495B3D /* LEANWebViewController.h */ = {isa = PBXFileReference; lastKnownFileType = sourcecode.c.h; path = LEANWebViewController.h; sourceTree = "<group>"; };
		2002B4B418A9991300495B3D /* LEANWebViewController.m */ = {isa = PBXFileReference; lastKnownFileType = sourcecode.c.objc; path = LEANWebViewController.m; sourceTree = "<group>"; };
		2002B4B618A9991300495B3D /* Images.xcassets */ = {isa = PBXFileReference; lastKnownFileType = folder.assetcatalog; path = Images.xcassets; sourceTree = "<group>"; };
		2002B4BC18A9991300495B3D /* GoNativeIOSTests.xctest */ = {isa = PBXFileReference; explicitFileType = wrapper.cfbundle; includeInIndex = 0; path = GoNativeIOSTests.xctest; sourceTree = BUILT_PRODUCTS_DIR; };
		2002B4C518A9991300495B3D /* GoNativeIOSTests-Info.plist */ = {isa = PBXFileReference; lastKnownFileType = text.plist.xml; path = "GoNativeIOSTests-Info.plist"; sourceTree = "<group>"; };
		2002B4C718A9991300495B3D /* en */ = {isa = PBXFileReference; lastKnownFileType = text.plist.strings; name = en; path = en.lproj/InfoPlist.strings; sourceTree = "<group>"; };
		2002B4C918A9991300495B3D /* LeanIOSTests.m */ = {isa = PBXFileReference; lastKnownFileType = sourcecode.c.objc; path = LeanIOSTests.m; sourceTree = "<group>"; };
		2002B4D918A99A9900495B3D /* RECommonFunctions.h */ = {isa = PBXFileReference; fileEncoding = 4; lastKnownFileType = sourcecode.c.h; path = RECommonFunctions.h; sourceTree = "<group>"; };
		2002B4DA18A99A9900495B3D /* RECommonFunctions.m */ = {isa = PBXFileReference; fileEncoding = 4; lastKnownFileType = sourcecode.c.objc; path = RECommonFunctions.m; sourceTree = "<group>"; };
		2002B4DB18A99A9900495B3D /* REFrostedContainerViewController.h */ = {isa = PBXFileReference; fileEncoding = 4; lastKnownFileType = sourcecode.c.h; path = REFrostedContainerViewController.h; sourceTree = "<group>"; };
		2002B4DC18A99A9900495B3D /* REFrostedContainerViewController.m */ = {isa = PBXFileReference; fileEncoding = 4; lastKnownFileType = sourcecode.c.objc; path = REFrostedContainerViewController.m; sourceTree = "<group>"; };
		2002B4DD18A99A9900495B3D /* REFrostedViewController.h */ = {isa = PBXFileReference; fileEncoding = 4; lastKnownFileType = sourcecode.c.h; path = REFrostedViewController.h; sourceTree = "<group>"; };
		2002B4DE18A99A9900495B3D /* REFrostedViewController.m */ = {isa = PBXFileReference; fileEncoding = 4; lastKnownFileType = sourcecode.c.objc; path = REFrostedViewController.m; sourceTree = "<group>"; };
		2002B4DF18A99A9900495B3D /* UIImage+REFrostedViewController.h */ = {isa = PBXFileReference; fileEncoding = 4; lastKnownFileType = sourcecode.c.h; path = "UIImage+REFrostedViewController.h"; sourceTree = "<group>"; };
		2002B4E018A99A9900495B3D /* UIImage+REFrostedViewController.m */ = {isa = PBXFileReference; fileEncoding = 4; lastKnownFileType = sourcecode.c.objc; path = "UIImage+REFrostedViewController.m"; sourceTree = "<group>"; };
		2002B4E118A99A9900495B3D /* UIView+REFrostedViewController.h */ = {isa = PBXFileReference; fileEncoding = 4; lastKnownFileType = sourcecode.c.h; path = "UIView+REFrostedViewController.h"; sourceTree = "<group>"; };
		2002B4E218A99A9900495B3D /* UIView+REFrostedViewController.m */ = {isa = PBXFileReference; fileEncoding = 4; lastKnownFileType = sourcecode.c.objc; path = "UIView+REFrostedViewController.m"; sourceTree = "<group>"; };
		2002B4E318A99A9900495B3D /* UIViewController+REFrostedViewController.h */ = {isa = PBXFileReference; fileEncoding = 4; lastKnownFileType = sourcecode.c.h; path = "UIViewController+REFrostedViewController.h"; sourceTree = "<group>"; };
		2002B4E418A99A9900495B3D /* UIViewController+REFrostedViewController.m */ = {isa = PBXFileReference; fileEncoding = 4; lastKnownFileType = sourcecode.c.objc; path = "UIViewController+REFrostedViewController.m"; sourceTree = "<group>"; };
		2002B4F018A99C4100495B3D /* LEANMenuViewController.h */ = {isa = PBXFileReference; fileEncoding = 4; lastKnownFileType = sourcecode.c.h; path = LEANMenuViewController.h; sourceTree = "<group>"; };
		2002B4F118A99C4100495B3D /* LEANMenuViewController.m */ = {isa = PBXFileReference; fileEncoding = 4; lastKnownFileType = sourcecode.c.objc; path = LEANMenuViewController.m; sourceTree = "<group>"; };
		2002B4F218A99C4100495B3D /* LEANNavigationController.h */ = {isa = PBXFileReference; fileEncoding = 4; lastKnownFileType = sourcecode.c.h; path = LEANNavigationController.h; sourceTree = "<group>"; };
		2002B4F318A99C4100495B3D /* LEANNavigationController.m */ = {isa = PBXFileReference; fileEncoding = 4; lastKnownFileType = sourcecode.c.objc; path = LEANNavigationController.m; sourceTree = "<group>"; };
		2002B4F418A99C4100495B3D /* LEANRootViewController.h */ = {isa = PBXFileReference; fileEncoding = 4; lastKnownFileType = sourcecode.c.h; path = LEANRootViewController.h; sourceTree = "<group>"; };
		2002B4F518A99C4100495B3D /* LEANRootViewController.m */ = {isa = PBXFileReference; fileEncoding = 4; lastKnownFileType = sourcecode.c.objc; path = LEANRootViewController.m; sourceTree = "<group>"; };
		2002B4F618A99C4100495B3D /* LEANUtilities.h */ = {isa = PBXFileReference; fileEncoding = 4; lastKnownFileType = sourcecode.c.h; path = LEANUtilities.h; sourceTree = "<group>"; };
		2002B4F718A99C4100495B3D /* LEANUtilities.m */ = {isa = PBXFileReference; fileEncoding = 4; lastKnownFileType = sourcecode.c.objc; path = LEANUtilities.m; sourceTree = "<group>"; };
		2002B51118AB091C00495B3D /* jquery-2.1.0.min.js */ = {isa = PBXFileReference; fileEncoding = 4; lastKnownFileType = sourcecode.javascript; path = "jquery-2.1.0.min.js"; sourceTree = "<group>"; };
		2004820418B080DD005FDD9A /* SidebarHeaderView.xib */ = {isa = PBXFileReference; fileEncoding = 4; lastKnownFileType = file.xib; path = SidebarHeaderView.xib; sourceTree = "<group>"; };
		2004AF7918F8F936001E01E9 /* LEANWebViewIntercept.h */ = {isa = PBXFileReference; fileEncoding = 4; lastKnownFileType = sourcecode.c.h; path = LEANWebViewIntercept.h; sourceTree = "<group>"; };
		2004AF7A18F8F936001E01E9 /* LEANWebViewIntercept.m */ = {isa = PBXFileReference; fileEncoding = 4; lastKnownFileType = sourcecode.c.objc; path = LEANWebViewIntercept.m; sourceTree = "<group>"; };
		200F75CF1BCDA6B800C08BB5 /* notification.aff */ = {isa = PBXFileReference; lastKnownFileType = file; path = notification.aff; sourceTree = "<group>"; };
		2018EE931907671A00EC4311 /* LEANUrlInspector.h */ = {isa = PBXFileReference; fileEncoding = 4; lastKnownFileType = sourcecode.c.h; path = LEANUrlInspector.h; sourceTree = "<group>"; };
		2018EE931907671A00EC5311 /* LEANJsCustomCodeExecutor.h */ = {isa = PBXFileReference; fileEncoding = 4; lastKnownFileType = sourcecode.c.h; path = LEANJsCustomCodeExecutor.h; sourceTree = "<group>"; };
		2018EE931907671A00EC5312 /* LEANJsCustomCodeExecutor.m */ = {isa = PBXFileReference; fileEncoding = 4; lastKnownFileType = sourcecode.c.objc; path = LEANJsCustomCodeExecutor.m; sourceTree = "<group>"; };
		2018EE941907671A00EC4311 /* LEANUrlInspector.m */ = {isa = PBXFileReference; fileEncoding = 4; lastKnownFileType = sourcecode.c.objc; path = LEANUrlInspector.m; sourceTree = "<group>"; };
		20191C451923DF6400BF1549 /* LEANProfilePicker.h */ = {isa = PBXFileReference; fileEncoding = 4; lastKnownFileType = sourcecode.c.h; path = LEANProfilePicker.h; sourceTree = "<group>"; };
		20191C461923DF6400BF1549 /* LEANProfilePicker.m */ = {isa = PBXFileReference; fileEncoding = 4; lastKnownFileType = sourcecode.c.objc; path = LEANProfilePicker.m; sourceTree = "<group>"; };
		201AB2D41996AD66008C31BF /* LEANInstallation.h */ = {isa = PBXFileReference; fileEncoding = 4; lastKnownFileType = sourcecode.c.h; path = LEANInstallation.h; sourceTree = "<group>"; };
		201AB2D51996AD66008C31BF /* LEANInstallation.m */ = {isa = PBXFileReference; fileEncoding = 4; lastKnownFileType = sourcecode.c.objc; path = LEANInstallation.m; sourceTree = "<group>"; };
		202BE5701B9757070064D928 /* AudioToolbox.framework */ = {isa = PBXFileReference; lastKnownFileType = wrapper.framework; name = AudioToolbox.framework; path = System/Library/Frameworks/AudioToolbox.framework; sourceTree = SDKROOT; };
		202BE5721B97570D0064D928 /* CFNetwork.framework */ = {isa = PBXFileReference; lastKnownFileType = wrapper.framework; name = CFNetwork.framework; path = System/Library/Frameworks/CFNetwork.framework; sourceTree = SDKROOT; };
		202BE5741B97571B0064D928 /* CoreLocation.framework */ = {isa = PBXFileReference; lastKnownFileType = wrapper.framework; name = CoreLocation.framework; path = System/Library/Frameworks/CoreLocation.framework; sourceTree = SDKROOT; };
		202BE5761B9757240064D928 /* QuartzCore.framework */ = {isa = PBXFileReference; lastKnownFileType = wrapper.framework; name = QuartzCore.framework; path = System/Library/Frameworks/QuartzCore.framework; sourceTree = SDKROOT; };
		202BE5781B97572C0064D928 /* Security.framework */ = {isa = PBXFileReference; lastKnownFileType = wrapper.framework; name = Security.framework; path = System/Library/Frameworks/Security.framework; sourceTree = SDKROOT; };
		202BE57C1B9757390064D928 /* SystemConfiguration.framework */ = {isa = PBXFileReference; lastKnownFileType = wrapper.framework; name = SystemConfiguration.framework; path = System/Library/Frameworks/SystemConfiguration.framework; sourceTree = SDKROOT; };
		202BE5801B97574E0064D928 /* Accounts.framework */ = {isa = PBXFileReference; lastKnownFileType = wrapper.framework; name = Accounts.framework; path = System/Library/Frameworks/Accounts.framework; sourceTree = SDKROOT; };
		202BE5821B9757530064D928 /* Social.framework */ = {isa = PBXFileReference; lastKnownFileType = wrapper.framework; name = Social.framework; path = System/Library/Frameworks/Social.framework; sourceTree = SDKROOT; };
		202E989319EF30C8009C28AD /* Reachability.h */ = {isa = PBXFileReference; fileEncoding = 4; lastKnownFileType = sourcecode.c.h; path = Reachability.h; sourceTree = "<group>"; };
		202E989419EF30C8009C28AD /* Reachability.m */ = {isa = PBXFileReference; fileEncoding = 4; lastKnownFileType = sourcecode.c.objc; path = Reachability.m; sourceTree = "<group>"; };
		203E19DC26DE45C3006F0E6C /* GonativeIO.entitlements */ = {isa = PBXFileReference; fileEncoding = 4; lastKnownFileType = text.plist.entitlements; path = GonativeIO.entitlements; sourceTree = SOURCE_ROOT; };
		2046CAF81BC0790800714F66 /* GNRegistrationManager.h */ = {isa = PBXFileReference; fileEncoding = 4; lastKnownFileType = sourcecode.c.h; path = GNRegistrationManager.h; sourceTree = "<group>"; };
		2046CAF91BC0790800714F66 /* GNRegistrationManager.m */ = {isa = PBXFileReference; fileEncoding = 4; lastKnownFileType = sourcecode.c.objc; path = GNRegistrationManager.m; sourceTree = "<group>"; };
		204AE86118D4D60D009AF272 /* NSURL+LEANUtilities.h */ = {isa = PBXFileReference; fileEncoding = 4; lastKnownFileType = sourcecode.c.h; path = "NSURL+LEANUtilities.h"; sourceTree = "<group>"; };
		204AE86218D4D60D009AF272 /* NSURL+LEANUtilities.m */ = {isa = PBXFileReference; fileEncoding = 4; lastKnownFileType = sourcecode.c.objc; path = "NSURL+LEANUtilities.m"; sourceTree = "<group>"; };
		204D783D18F9A4F7005DD37E /* GTMNSString+HTML.h */ = {isa = PBXFileReference; fileEncoding = 4; lastKnownFileType = sourcecode.c.h; path = "GTMNSString+HTML.h"; sourceTree = "<group>"; };
		204D783E18F9A4F7005DD37E /* GTMNSString+HTML.m */ = {isa = PBXFileReference; fileEncoding = 4; lastKnownFileType = sourcecode.c.objc; path = "GTMNSString+HTML.m"; sourceTree = "<group>"; };
		20580E021B2E53730061943C /* offline.html */ = {isa = PBXFileReference; fileEncoding = 4; lastKnownFileType = text.html; path = offline.html; sourceTree = "<group>"; };
		205EF30219BF84AF002AE261 /* WebKit.framework */ = {isa = PBXFileReference; lastKnownFileType = wrapper.framework; name = WebKit.framework; path = System/Library/Frameworks/WebKit.framework; sourceTree = SDKROOT; };
		20639D7E250CF4EF007FE46C /* de */ = {isa = PBXFileReference; lastKnownFileType = text.plist.strings; name = de; path = de.lproj/Localizable.strings; sourceTree = "<group>"; };
		20689024215E9FD900419CB2 /* en */ = {isa = PBXFileReference; lastKnownFileType = text.plist.strings; name = en; path = en.lproj/Localizable.strings; sourceTree = "<group>"; };
		20689026215EA28D00419CB2 /* fr */ = {isa = PBXFileReference; lastKnownFileType = text.plist.strings; name = fr; path = fr.lproj/Localizable.strings; sourceTree = "<group>"; };
		2075775521957C1600ADD73A /* LaunchScreen.storyboard */ = {isa = PBXFileReference; lastKnownFileType = file.storyboard; path = LaunchScreen.storyboard; sourceTree = "<group>"; };
		207577572195BE3500ADD73A /* LaunchScreenNoNav.storyboard */ = {isa = PBXFileReference; lastKnownFileType = file.storyboard; path = LaunchScreenNoNav.storyboard; sourceTree = "<group>"; };
		207577592195D80300ADD73A /* LaunchScreenNav.storyboard */ = {isa = PBXFileReference; lastKnownFileType = file.storyboard; path = LaunchScreenNav.storyboard; sourceTree = "<group>"; };
		20890D862383421800BC9335 /* BlobDownloader.js */ = {isa = PBXFileReference; fileEncoding = 4; lastKnownFileType = sourcecode.javascript; path = BlobDownloader.js; sourceTree = "<group>"; };
		2089662518AC6753007FC34F /* LEANLoginManager.h */ = {isa = PBXFileReference; fileEncoding = 4; lastKnownFileType = sourcecode.c.h; path = LEANLoginManager.h; sourceTree = "<group>"; };
		2089662618AC6753007FC34F /* LEANLoginManager.m */ = {isa = PBXFileReference; fileEncoding = 4; lastKnownFileType = sourcecode.c.objc; path = LEANLoginManager.m; sourceTree = "<group>"; };
		208A9F41191AEBAD0049E664 /* appConfig.json */ = {isa = PBXFileReference; fileEncoding = 4; lastKnownFileType = text.json; path = appConfig.json; sourceTree = "<group>"; };
		20912D712380DB7600506807 /* GNFileWriterSharer.h */ = {isa = PBXFileReference; lastKnownFileType = sourcecode.c.h; path = GNFileWriterSharer.h; sourceTree = "<group>"; };
		20912D722380DB7600506807 /* GNFileWriterSharer.m */ = {isa = PBXFileReference; lastKnownFileType = sourcecode.c.objc; path = GNFileWriterSharer.m; sourceTree = "<group>"; };
		2092E236205C3E83005E8B71 /* GNConfigPreferences.h */ = {isa = PBXFileReference; lastKnownFileType = sourcecode.c.h; path = GNConfigPreferences.h; sourceTree = "<group>"; };
		2092E237205C3E83005E8B71 /* GNConfigPreferences.m */ = {isa = PBXFileReference; lastKnownFileType = sourcecode.c.objc; path = GNConfigPreferences.m; sourceTree = "<group>"; };
		209A964123BABF2D001906F1 /* GNBackgroundAudio.h */ = {isa = PBXFileReference; lastKnownFileType = sourcecode.c.h; path = GNBackgroundAudio.h; sourceTree = "<group>"; };
		209A964223BABF2D001906F1 /* GNBackgroundAudio.m */ = {isa = PBXFileReference; lastKnownFileType = sourcecode.c.objc; path = GNBackgroundAudio.m; sourceTree = "<group>"; };
		209A964423BAC508001906F1 /* appbeep.wav */ = {isa = PBXFileReference; lastKnownFileType = audio.wav; path = appbeep.wav; sourceTree = "<group>"; };
		209B3217193FA36F0052A7C6 /* LEANUrlCache.h */ = {isa = PBXFileReference; fileEncoding = 4; lastKnownFileType = sourcecode.c.h; path = LEANUrlCache.h; sourceTree = "<group>"; };
		209B3218193FA36F0052A7C6 /* LEANUrlCache.m */ = {isa = PBXFileReference; fileEncoding = 4; lastKnownFileType = sourcecode.c.objc; path = LEANUrlCache.m; sourceTree = "<group>"; };
		209B321C193FB11A0052A7C6 /* localCache.zip */ = {isa = PBXFileReference; lastKnownFileType = archive.zip; path = localCache.zip; sourceTree = "<group>"; };
		209B3307193FC4CE0052A7C6 /* libzipzap.a */ = {isa = PBXFileReference; lastKnownFileType = archive.ar; path = libzipzap.a; sourceTree = "<group>"; };
		20A0B6EC1A363EFB00D9C3F2 /* MessageUI.framework */ = {isa = PBXFileReference; lastKnownFileType = wrapper.framework; name = MessageUI.framework; path = System/Library/Frameworks/MessageUI.framework; sourceTree = SDKROOT; };
		20A13AA71905A43C00B997DD /* MenuGroupIcon.xib */ = {isa = PBXFileReference; fileEncoding = 4; lastKnownFileType = file.xib; path = MenuGroupIcon.xib; sourceTree = "<group>"; };
		20A13AB51905DED100B997DD /* MenuChildIcon.xib */ = {isa = PBXFileReference; fileEncoding = 4; lastKnownFileType = file.xib; path = MenuChildIcon.xib; sourceTree = "<group>"; };
		20A13AB71905DFFC00B997DD /* MenuGroupNoIcon.xib */ = {isa = PBXFileReference; fileEncoding = 4; lastKnownFileType = file.xib; path = MenuGroupNoIcon.xib; sourceTree = "<group>"; };
		20A13ABB1905FAA600B997DD /* MenuChildNoIcon.xib */ = {isa = PBXFileReference; fileEncoding = 4; lastKnownFileType = file.xib; path = MenuChildNoIcon.xib; sourceTree = "<group>"; };
		20A525ED1A7D94EE00936DC5 /* Settings.bundle */ = {isa = PBXFileReference; lastKnownFileType = "wrapper.plug-in"; path = Settings.bundle; sourceTree = "<group>"; };
		20A7FF03197F6DDE006FDF44 /* LEANConfigUpdater.h */ = {isa = PBXFileReference; fileEncoding = 4; lastKnownFileType = sourcecode.c.h; path = LEANConfigUpdater.h; sourceTree = "<group>"; };
		20A7FF04197F6DDE006FDF44 /* LEANConfigUpdater.m */ = {isa = PBXFileReference; fileEncoding = 4; lastKnownFileType = sourcecode.c.objc; path = LEANConfigUpdater.m; sourceTree = "<group>"; };
		20AEC8C9234BE20200DBE24D /* Assets.xcassets */ = {isa = PBXFileReference; lastKnownFileType = folder.assetcatalog; path = Assets.xcassets; sourceTree = "<group>"; };
		20B6B55319AC4C2E004019C4 /* LEANDocumentSharer.h */ = {isa = PBXFileReference; fileEncoding = 4; lastKnownFileType = sourcecode.c.h; path = LEANDocumentSharer.h; sourceTree = "<group>"; };
		20B6B55419AC4C2E004019C4 /* LEANDocumentSharer.m */ = {isa = PBXFileReference; fileEncoding = 4; lastKnownFileType = sourcecode.c.objc; path = LEANDocumentSharer.m; sourceTree = "<group>"; };
		20B8FFB51EB79D3F000F4CFA /* GNCustomHeaders.h */ = {isa = PBXFileReference; fileEncoding = 4; lastKnownFileType = sourcecode.c.h; path = GNCustomHeaders.h; sourceTree = "<group>"; };
		20B8FFB61EB79D3F000F4CFA /* GNCustomHeaders.m */ = {isa = PBXFileReference; fileEncoding = 4; lastKnownFileType = sourcecode.c.objc; path = GNCustomHeaders.m; sourceTree = "<group>"; };
		20B927A928C4EFE9004D4C15 /* custom-icons.ttf */ = {isa = PBXFileReference; lastKnownFileType = file; path = "custom-icons.ttf"; sourceTree = "<group>"; };
		20C62B7B1D2708B7001D1646 /* GonativeIO-Bridging-Header.h */ = {isa = PBXFileReference; lastKnownFileType = sourcecode.c.h; path = "GonativeIO-Bridging-Header.h"; sourceTree = "<group>"; };
		20C62B7C1D2708B7001D1646 /* GoNativeKeychain.swift */ = {isa = PBXFileReference; fileEncoding = 4; lastKnownFileType = sourcecode.swift; path = GoNativeKeychain.swift; sourceTree = "<group>"; };
		20CC8EFD2677BE470083982E /* WindowsController.swift */ = {isa = PBXFileReference; lastKnownFileType = sourcecode.swift; path = WindowsController.swift; sourceTree = "<group>"; };
		20D77B6E1A2547E5008A938D /* LEANActionManager.h */ = {isa = PBXFileReference; fileEncoding = 4; lastKnownFileType = sourcecode.c.h; path = LEANActionManager.h; sourceTree = "<group>"; };
		20D77B6F1A2547E5008A938D /* LEANActionManager.m */ = {isa = PBXFileReference; fileEncoding = 4; lastKnownFileType = sourcecode.c.objc; path = LEANActionManager.m; sourceTree = "<group>"; };
		20DDA55A28BE706D00635E59 /* custom-icons.json */ = {isa = PBXFileReference; lastKnownFileType = text.json; path = "custom-icons.json"; sourceTree = "<group>"; };
		20E471F520B75AE6004E0045 /* ZZFileChannelOutput.h */ = {isa = PBXFileReference; fileEncoding = 4; lastKnownFileType = sourcecode.c.h; path = ZZFileChannelOutput.h; sourceTree = "<group>"; };
		20E471F620B75AE7004E0045 /* ZZStoreOutputStream.h */ = {isa = PBXFileReference; fileEncoding = 4; lastKnownFileType = sourcecode.c.h; path = ZZStoreOutputStream.h; sourceTree = "<group>"; };
		20E471F720B75AE7004E0045 /* ZZDataProvider.h */ = {isa = PBXFileReference; fileEncoding = 4; lastKnownFileType = sourcecode.c.h; path = ZZDataProvider.h; sourceTree = "<group>"; };
		20E471F820B75AE7004E0045 /* ZZScopeGuard.h */ = {isa = PBXFileReference; fileEncoding = 4; lastKnownFileType = sourcecode.c.h; path = ZZScopeGuard.h; sourceTree = "<group>"; };
		20E471F920B75AE7004E0045 /* ZZConstants.h */ = {isa = PBXFileReference; fileEncoding = 4; lastKnownFileType = sourcecode.c.h; path = ZZConstants.h; sourceTree = "<group>"; };
		20E471FA20B75AE7004E0045 /* ZZOldArchiveEntry.h */ = {isa = PBXFileReference; fileEncoding = 4; lastKnownFileType = sourcecode.c.h; path = ZZOldArchiveEntry.h; sourceTree = "<group>"; };
		20E471FB20B75AE7004E0045 /* ZZArchiveEntryWriter.h */ = {isa = PBXFileReference; fileEncoding = 4; lastKnownFileType = sourcecode.c.h; path = ZZArchiveEntryWriter.h; sourceTree = "<group>"; };
		20E471FC20B75AE7004E0045 /* ZZDataChannelOutput.h */ = {isa = PBXFileReference; fileEncoding = 4; lastKnownFileType = sourcecode.c.h; path = ZZDataChannelOutput.h; sourceTree = "<group>"; };
		20E471FD20B75AE7004E0045 /* ZZError.h */ = {isa = PBXFileReference; fileEncoding = 4; lastKnownFileType = sourcecode.c.h; path = ZZError.h; sourceTree = "<group>"; };
		20E471FE20B75AE7004E0045 /* ZZDataChannel.h */ = {isa = PBXFileReference; fileEncoding = 4; lastKnownFileType = sourcecode.c.h; path = ZZDataChannel.h; sourceTree = "<group>"; };
		20E471FF20B75AE7004E0045 /* zipzap.h */ = {isa = PBXFileReference; fileEncoding = 4; lastKnownFileType = sourcecode.c.h; path = zipzap.h; sourceTree = "<group>"; };
		20E4720020B75AE7004E0045 /* ZZDeflateOutputStream.h */ = {isa = PBXFileReference; fileEncoding = 4; lastKnownFileType = sourcecode.c.h; path = ZZDeflateOutputStream.h; sourceTree = "<group>"; };
		20E4720120B75AE7004E0045 /* ZZAESDecryptInputStream.h */ = {isa = PBXFileReference; fileEncoding = 4; lastKnownFileType = sourcecode.c.h; path = ZZAESDecryptInputStream.h; sourceTree = "<group>"; };
		20E4720220B75AE7004E0045 /* ZZStandardCryptoEngine.h */ = {isa = PBXFileReference; fileEncoding = 4; lastKnownFileType = sourcecode.c.h; path = ZZStandardCryptoEngine.h; sourceTree = "<group>"; };
		20E4720320B75AE7004E0045 /* ZZInflateInputStream.h */ = {isa = PBXFileReference; fileEncoding = 4; lastKnownFileType = sourcecode.c.h; path = ZZInflateInputStream.h; sourceTree = "<group>"; };
		20E4720420B75AE7004E0045 /* ZZArchiveEntry.h */ = {isa = PBXFileReference; fileEncoding = 4; lastKnownFileType = sourcecode.c.h; path = ZZArchiveEntry.h; sourceTree = "<group>"; };
		20E4720520B75AE7004E0045 /* ZZHeaders.h */ = {isa = PBXFileReference; fileEncoding = 4; lastKnownFileType = sourcecode.c.h; path = ZZHeaders.h; sourceTree = "<group>"; };
		20E4720620B75AE7004E0045 /* ZZChannelOutput.h */ = {isa = PBXFileReference; fileEncoding = 4; lastKnownFileType = sourcecode.c.h; path = ZZChannelOutput.h; sourceTree = "<group>"; };
		20E4720720B75AE7004E0045 /* ZZStandardDecryptInputStream.h */ = {isa = PBXFileReference; fileEncoding = 4; lastKnownFileType = sourcecode.c.h; path = ZZStandardDecryptInputStream.h; sourceTree = "<group>"; };
		20E4720820B75AE8004E0045 /* ZZOldArchiveEntryWriter.h */ = {isa = PBXFileReference; fileEncoding = 4; lastKnownFileType = sourcecode.c.h; path = ZZOldArchiveEntryWriter.h; sourceTree = "<group>"; };
		20E4720920B75AE8004E0045 /* ZZNewArchiveEntryWriter.h */ = {isa = PBXFileReference; fileEncoding = 4; lastKnownFileType = sourcecode.c.h; path = ZZNewArchiveEntryWriter.h; sourceTree = "<group>"; };
		20E4720A20B75AE8004E0045 /* ZZNewArchiveEntry.h */ = {isa = PBXFileReference; fileEncoding = 4; lastKnownFileType = sourcecode.c.h; path = ZZNewArchiveEntry.h; sourceTree = "<group>"; };
		20E4720B20B75AE8004E0045 /* ZZArchive.h */ = {isa = PBXFileReference; fileEncoding = 4; lastKnownFileType = sourcecode.c.h; path = ZZArchive.h; sourceTree = "<group>"; };
		20E4720C20B75AE8004E0045 /* ZZChannel.h */ = {isa = PBXFileReference; fileEncoding = 4; lastKnownFileType = sourcecode.c.h; path = ZZChannel.h; sourceTree = "<group>"; };
		20E4720D20B75AE8004E0045 /* ZZFileChannel.h */ = {isa = PBXFileReference; fileEncoding = 4; lastKnownFileType = sourcecode.c.h; path = ZZFileChannel.h; sourceTree = "<group>"; };
		20E49F8019A2C30C00B9343E /* LEANWebViewPool.h */ = {isa = PBXFileReference; fileEncoding = 4; lastKnownFileType = sourcecode.c.h; path = LEANWebViewPool.h; sourceTree = "<group>"; };
		20E49F8119A2C30C00B9343E /* LEANWebViewPool.m */ = {isa = PBXFileReference; fileEncoding = 4; lastKnownFileType = sourcecode.c.objc; path = LEANWebViewPool.m; sourceTree = "<group>"; };
		20F1F40824F969EF004F680B /* custom_sound_1.aff */ = {isa = PBXFileReference; lastKnownFileType = file; path = custom_sound_1.aff; sourceTree = "<group>"; };
		20F1F40924F969EF004F680B /* custom_sound_4.aff */ = {isa = PBXFileReference; lastKnownFileType = file; path = custom_sound_4.aff; sourceTree = "<group>"; };
		20F1F40A24F969EF004F680B /* custom_sound_3.aff */ = {isa = PBXFileReference; lastKnownFileType = file; path = custom_sound_3.aff; sourceTree = "<group>"; };
		20F1F40B24F969F0004F680B /* custom_sound_5.aff */ = {isa = PBXFileReference; lastKnownFileType = file; path = custom_sound_5.aff; sourceTree = "<group>"; };
		20F1F40C24F969F0004F680B /* custom_sound_2.aff */ = {isa = PBXFileReference; lastKnownFileType = file; path = custom_sound_2.aff; sourceTree = "<group>"; };
		20F38BAC1B0D5AC700E90B4D /* LEANToolbarManager.h */ = {isa = PBXFileReference; fileEncoding = 4; lastKnownFileType = sourcecode.c.h; path = LEANToolbarManager.h; sourceTree = "<group>"; };
		20F38BAD1B0D5AC700E90B4D /* LEANToolbarManager.m */ = {isa = PBXFileReference; fileEncoding = 4; lastKnownFileType = sourcecode.c.objc; path = LEANToolbarManager.m; sourceTree = "<group>"; };
		20F49C2419C7BE8900B46C5A /* MediaAccessibility.framework */ = {isa = PBXFileReference; lastKnownFileType = wrapper.framework; name = MediaAccessibility.framework; path = System/Library/Frameworks/MediaAccessibility.framework; sourceTree = SDKROOT; };
		20F49C2619C7BE9100B46C5A /* CoreText.framework */ = {isa = PBXFileReference; lastKnownFileType = wrapper.framework; name = CoreText.framework; path = System/Library/Frameworks/CoreText.framework; sourceTree = SDKROOT; };
		20FC7FB3199D1C7800A70B08 /* LEANTabManager.h */ = {isa = PBXFileReference; fileEncoding = 4; lastKnownFileType = sourcecode.c.h; path = LEANTabManager.h; sourceTree = "<group>"; };
		20FC7FB4199D1C7800A70B08 /* LEANTabManager.m */ = {isa = PBXFileReference; fileEncoding = 4; lastKnownFileType = sourcecode.c.objc; path = LEANTabManager.m; sourceTree = "<group>"; };
		39A2444327F1F29A00A6D222 /* hu */ = {isa = PBXFileReference; lastKnownFileType = text.plist.strings; name = hu; path = hu.lproj/Localizable.strings; sourceTree = "<group>"; };
		39A2444427F1F2DB00A6D222 /* ar */ = {isa = PBXFileReference; lastKnownFileType = text.plist.strings; name = ar; path = ar.lproj/Localizable.strings; sourceTree = "<group>"; };
		39A2444727F1F33400A6D222 /* da */ = {isa = PBXFileReference; lastKnownFileType = text.plist.strings; name = da; path = da.lproj/Localizable.strings; sourceTree = "<group>"; };
		39A2444927F1F4D400A6D222 /* nn-NO */ = {isa = PBXFileReference; lastKnownFileType = text.plist.strings; name = "nn-NO"; path = "nn-NO.lproj/Localizable.strings"; sourceTree = "<group>"; };
		39B8E8612858B04A00355B24 /* LEANRegexRulesManager.m */ = {isa = PBXFileReference; fileEncoding = 4; lastKnownFileType = sourcecode.c.objc; path = LEANRegexRulesManager.m; sourceTree = "<group>"; };
		39B8E8622858B04A00355B24 /* LEANRegexRulesManager.h */ = {isa = PBXFileReference; fileEncoding = 4; lastKnownFileType = sourcecode.c.h; path = LEANRegexRulesManager.h; sourceTree = "<group>"; };
		39DE1B472935E66E0001E926 /* GNLogManager.h */ = {isa = PBXFileReference; lastKnownFileType = sourcecode.c.h; path = GNLogManager.h; sourceTree = "<group>"; };
		39DE1B482935E67F0001E926 /* GNLogManager.m */ = {isa = PBXFileReference; lastKnownFileType = sourcecode.c.objc; path = GNLogManager.m; sourceTree = "<group>"; };
		6321B2F0F247B73B862558F0 /* Pods-GoNativeIOSTests.release.xcconfig */ = {isa = PBXFileReference; includeInIndex = 1; lastKnownFileType = text.xcconfig; name = "Pods-GoNativeIOSTests.release.xcconfig"; path = "Target Support Files/Pods-GoNativeIOSTests/Pods-GoNativeIOSTests.release.xcconfig"; sourceTree = "<group>"; };
		704A05039A2CBBE8CEFF1108 /* Pods-GonativeIO.debug.xcconfig */ = {isa = PBXFileReference; includeInIndex = 1; lastKnownFileType = text.xcconfig; name = "Pods-GonativeIO.debug.xcconfig"; path = "Target Support Files/Pods-GonativeIO/Pods-GonativeIO.debug.xcconfig"; sourceTree = "<group>"; };
		8070A7DACE54310282403AE6 /* Pods_GonativeIO.framework */ = {isa = PBXFileReference; explicitFileType = wrapper.framework; includeInIndex = 0; path = Pods_GonativeIO.framework; sourceTree = BUILT_PRODUCTS_DIR; };
		88A370049F0BF6D1FF36DAEE /* Pods_GoNativeIOSTests.framework */ = {isa = PBXFileReference; explicitFileType = wrapper.framework; includeInIndex = 0; path = Pods_GoNativeIOSTests.framework; sourceTree = BUILT_PRODUCTS_DIR; };
		B816044C27480DB900D1CA9C /* pt-BR */ = {isa = PBXFileReference; lastKnownFileType = text.plist.strings; name = "pt-BR"; path = "pt-BR.lproj/Localizable.strings"; sourceTree = "<group>"; };
		B816044D27480E6800D1CA9C /* pt-PT */ = {isa = PBXFileReference; lastKnownFileType = text.plist.strings; name = "pt-PT"; path = "pt-PT.lproj/Localizable.strings"; sourceTree = "<group>"; };
		B816044E27480EA500D1CA9C /* es-419 */ = {isa = PBXFileReference; lastKnownFileType = text.plist.strings; name = "es-419"; path = "es-419.lproj/Localizable.strings"; sourceTree = "<group>"; };
		BB182FAF2683478900DC8EAA /* LEANDlogDefinition.h */ = {isa = PBXFileReference; lastKnownFileType = sourcecode.c.h; path = LEANDlogDefinition.h; sourceTree = "<group>"; };
		BB3C460D26A9C1F9007D03DA /* GoNativeJSBridgeLibrary.js */ = {isa = PBXFileReference; lastKnownFileType = sourcecode.javascript; path = GoNativeJSBridgeLibrary.js; sourceTree = "<group>"; };
		BB6E68A7273C7308004846A3 /* GNJSBridgeInterface.h */ = {isa = PBXFileReference; lastKnownFileType = sourcecode.c.h; path = GNJSBridgeInterface.h; sourceTree = "<group>"; };
		BB6E68A8273C731E004846A3 /* GNJSBridgeInterface.m */ = {isa = PBXFileReference; lastKnownFileType = sourcecode.c.objc; path = GNJSBridgeInterface.m; sourceTree = "<group>"; };
		BB8BE4AD265CACCC00716F79 /* he */ = {isa = PBXFileReference; lastKnownFileType = text.plist.strings; name = he; path = he.lproj/Localizable.strings; sourceTree = "<group>"; };
		BB9A3B002631D2A7002C38F1 /* LEANIcons.swift */ = {isa = PBXFileReference; lastKnownFileType = sourcecode.swift; path = LEANIcons.swift; sourceTree = "<group>"; };
		BBCD25272665AB91000CEE11 /* ca */ = {isa = PBXFileReference; lastKnownFileType = text.plist.strings; name = ca; path = ca.lproj/Localizable.strings; sourceTree = "<group>"; };
		BBCD25282665ABA0000CEE11 /* cs */ = {isa = PBXFileReference; lastKnownFileType = text.plist.strings; name = cs; path = cs.lproj/Localizable.strings; sourceTree = "<group>"; };
		BBCD25292665ABB8000CEE11 /* es */ = {isa = PBXFileReference; lastKnownFileType = text.plist.strings; name = es; path = es.lproj/Localizable.strings; sourceTree = "<group>"; };
		BBCD252A2665ABD0000CEE11 /* fi */ = {isa = PBXFileReference; lastKnownFileType = text.plist.strings; name = fi; path = fi.lproj/Localizable.strings; sourceTree = "<group>"; };
		BBCD252B2665AD19000CEE11 /* gd */ = {isa = PBXFileReference; lastKnownFileType = text.plist.strings; name = gd; path = gd.lproj/Localizable.strings; sourceTree = "<group>"; };
		BBCD252C2665AD44000CEE11 /* it */ = {isa = PBXFileReference; lastKnownFileType = text.plist.strings; name = it; path = it.lproj/Localizable.strings; sourceTree = "<group>"; };
		BBCD252D2665ADBA000CEE11 /* nl */ = {isa = PBXFileReference; lastKnownFileType = text.plist.strings; name = nl; path = nl.lproj/Localizable.strings; sourceTree = "<group>"; };
		BBCD252E2665ADD7000CEE11 /* tr */ = {isa = PBXFileReference; lastKnownFileType = text.plist.strings; name = tr; path = tr.lproj/Localizable.strings; sourceTree = "<group>"; };
		BBD972F127AF17C500AD4FC0 /* GoogleService-Info.plist */ = {isa = PBXFileReference; fileEncoding = 4; lastKnownFileType = text.plist.xml; path = "GoogleService-Info.plist"; sourceTree = "<group>"; };
		E07AD9F93CDDA4A887CC8FBB /* Pods-GoNativeIOSTests.debug.xcconfig */ = {isa = PBXFileReference; includeInIndex = 1; lastKnownFileType = text.xcconfig; name = "Pods-GoNativeIOSTests.debug.xcconfig"; path = "Target Support Files/Pods-GoNativeIOSTests/Pods-GoNativeIOSTests.debug.xcconfig"; sourceTree = "<group>"; };
/* End PBXFileReference section */

/* Begin PBXFrameworksBuildPhase section */
		2002B49518A9991300495B3D /* Frameworks */ = {
			isa = PBXFrameworksBuildPhase;
			buildActionMask = 2147483647;
			files = (
				202BE5831B9757530064D928 /* Social.framework in Frameworks */,
				202BE5811B97574E0064D928 /* Accounts.framework in Frameworks */,
				202BE57D1B9757390064D928 /* SystemConfiguration.framework in Frameworks */,
				202BE5791B97572C0064D928 /* Security.framework in Frameworks */,
				202BE5771B9757240064D928 /* QuartzCore.framework in Frameworks */,
				202BE5751B97571B0064D928 /* CoreLocation.framework in Frameworks */,
				202BE5731B97570D0064D928 /* CFNetwork.framework in Frameworks */,
				202BE5711B9757070064D928 /* AudioToolbox.framework in Frameworks */,
				20A0B6ED1A363EFB00D9C3F2 /* MessageUI.framework in Frameworks */,
				20F49C2719C7BE9100B46C5A /* CoreText.framework in Frameworks */,
				20F49C2519C7BE8900B46C5A /* MediaAccessibility.framework in Frameworks */,
				209B3309193FC5570052A7C6 /* libzipzap.a in Frameworks */,
				2002B49E18A9991300495B3D /* CoreGraphics.framework in Frameworks */,
				2002B4A018A9991300495B3D /* UIKit.framework in Frameworks */,
				2002B49C18A9991300495B3D /* Foundation.framework in Frameworks */,
				819367FAA49CF2412FB7D362 /* Pods_GonativeIO.framework in Frameworks */,
			);
			runOnlyForDeploymentPostprocessing = 0;
		};
		2002B4B918A9991300495B3D /* Frameworks */ = {
			isa = PBXFrameworksBuildPhase;
			buildActionMask = 2147483647;
			files = (
				2002B4C018A9991300495B3D /* UIKit.framework in Frameworks */,
				2002B4BF18A9991300495B3D /* Foundation.framework in Frameworks */,
				C998731A34E1EC954763F8EB /* Pods_GoNativeIOSTests.framework in Frameworks */,
			);
			runOnlyForDeploymentPostprocessing = 0;
		};
/* End PBXFrameworksBuildPhase section */

/* Begin PBXGroup section */
		2002B48F18A9991300495B3D = {
			isa = PBXGroup;
			children = (
				BBD972F127AF17C500AD4FC0 /* GoogleService-Info.plist */,
				209B32FF193FC4CE0052A7C6 /* lib */,
				2002B4A118A9991300495B3D /* LeanIOS */,
				2002B4C318A9991300495B3D /* LeanIOSTests */,
				2002B49A18A9991300495B3D /* Frameworks */,
				2002B49918A9991300495B3D /* Products */,
				94421A86163F4578AAF865FD /* Pods */,
			);
			sourceTree = "<group>";
		};
		2002B49918A9991300495B3D /* Products */ = {
			isa = PBXGroup;
			children = (
				2002B49818A9991300495B3D /* GonativeIO.app */,
				2002B4BC18A9991300495B3D /* GoNativeIOSTests.xctest */,
			);
			name = Products;
			sourceTree = "<group>";
		};
		2002B49A18A9991300495B3D /* Frameworks */ = {
			isa = PBXGroup;
			children = (
				202BE5821B9757530064D928 /* Social.framework */,
				202BE5801B97574E0064D928 /* Accounts.framework */,
				202BE57C1B9757390064D928 /* SystemConfiguration.framework */,
				202BE5781B97572C0064D928 /* Security.framework */,
				202BE5761B9757240064D928 /* QuartzCore.framework */,
				202BE5741B97571B0064D928 /* CoreLocation.framework */,
				202BE5721B97570D0064D928 /* CFNetwork.framework */,
				202BE5701B9757070064D928 /* AudioToolbox.framework */,
				20A0B6EC1A363EFB00D9C3F2 /* MessageUI.framework */,
				20F49C2619C7BE9100B46C5A /* CoreText.framework */,
				20F49C2419C7BE8900B46C5A /* MediaAccessibility.framework */,
				205EF30219BF84AF002AE261 /* WebKit.framework */,
				2002B49B18A9991300495B3D /* Foundation.framework */,
				2002B49D18A9991300495B3D /* CoreGraphics.framework */,
				2002B49F18A9991300495B3D /* UIKit.framework */,
				88A370049F0BF6D1FF36DAEE /* Pods_GoNativeIOSTests.framework */,
				8070A7DACE54310282403AE6 /* Pods_GonativeIO.framework */,
			);
			name = Frameworks;
			sourceTree = "<group>";
		};
		2002B4A118A9991300495B3D /* LeanIOS */ = {
			isa = PBXGroup;
			children = (
				20B927A928C4EFE9004D4C15 /* custom-icons.ttf */,
				203E19DC26DE45C3006F0E6C /* GonativeIO.entitlements */,
				20C23645193E32EA00F6ADF0 /* Config */,
				20A13AA61905A3EC00B997DD /* Menus */,
				204D783D18F9A4F7005DD37E /* GTMNSString+HTML.h */,
				204D783E18F9A4F7005DD37E /* GTMNSString+HTML.m */,
				2075775521957C1600ADD73A /* LaunchScreen.storyboard */,
				207577572195BE3500ADD73A /* LaunchScreenNoNav.storyboard */,
				207577592195D80300ADD73A /* LaunchScreenNav.storyboard */,
				2004820418B080DD005FDD9A /* SidebarHeaderView.xib */,
				2002B4B618A9991300495B3D /* Images.xcassets */,
				20AEC8C9234BE20200DBE24D /* Assets.xcassets */,
				20689023215E9FD900419CB2 /* Localizable.strings */,
				20A525ED1A7D94EE00936DC5 /* Settings.bundle */,
				209A964423BAC508001906F1 /* appbeep.wav */,
				200F75CF1BCDA6B800C08BB5 /* notification.aff */,
				20F1F40824F969EF004F680B /* custom_sound_1.aff */,
				20F1F40C24F969F0004F680B /* custom_sound_2.aff */,
				20F1F40A24F969EF004F680B /* custom_sound_3.aff */,
				20F1F40924F969EF004F680B /* custom_sound_4.aff */,
				20F1F40B24F969F0004F680B /* custom_sound_5.aff */,
				2002B51118AB091C00495B3D /* jquery-2.1.0.min.js */,
				209A964123BABF2D001906F1 /* GNBackgroundAudio.h */,
				209A964223BABF2D001906F1 /* GNBackgroundAudio.m */,
				2092E236205C3E83005E8B71 /* GNConfigPreferences.h */,
				2092E237205C3E83005E8B71 /* GNConfigPreferences.m */,
				20B8FFB51EB79D3F000F4CFA /* GNCustomHeaders.h */,
				20B8FFB61EB79D3F000F4CFA /* GNCustomHeaders.m */,
				2046CAF81BC0790800714F66 /* GNRegistrationManager.h */,
				2046CAF91BC0790800714F66 /* GNRegistrationManager.m */,
				20890D862383421800BC9335 /* BlobDownloader.js */,
				20912D712380DB7600506807 /* GNFileWriterSharer.h */,
				20912D722380DB7600506807 /* GNFileWriterSharer.m */,
				39DE1B472935E66E0001E926 /* GNLogManager.h */,
				39DE1B482935E67F0001E926 /* GNLogManager.m */,
				2002B4AA18A9991300495B3D /* LEANAppDelegate.h */,
				2002B4AB18A9991300495B3D /* LEANAppDelegate.m */,
				20A7FF03197F6DDE006FDF44 /* LEANConfigUpdater.h */,
				20A7FF04197F6DDE006FDF44 /* LEANConfigUpdater.m */,
				20B6B55319AC4C2E004019C4 /* LEANDocumentSharer.h */,
				20B6B55419AC4C2E004019C4 /* LEANDocumentSharer.m */,
				201AB2D41996AD66008C31BF /* LEANInstallation.h */,
				201AB2D51996AD66008C31BF /* LEANInstallation.m */,
				2089662518AC6753007FC34F /* LEANLoginManager.h */,
				2089662618AC6753007FC34F /* LEANLoginManager.m */,
				2002B4F218A99C4100495B3D /* LEANNavigationController.h */,
				2002B4F318A99C4100495B3D /* LEANNavigationController.m */,
				2002B4F418A99C4100495B3D /* LEANRootViewController.h */,
				2002B4F518A99C4100495B3D /* LEANRootViewController.m */,
				20FC7FB3199D1C7800A70B08 /* LEANTabManager.h */,
				20FC7FB4199D1C7800A70B08 /* LEANTabManager.m */,
				20F38BAC1B0D5AC700E90B4D /* LEANToolbarManager.h */,
				20F38BAD1B0D5AC700E90B4D /* LEANToolbarManager.m */,
				20D77B6E1A2547E5008A938D /* LEANActionManager.h */,
				20D77B6F1A2547E5008A938D /* LEANActionManager.m */,
				39B8E8622858B04A00355B24 /* LEANRegexRulesManager.h */,
				39B8E8612858B04A00355B24 /* LEANRegexRulesManager.m */,
				209B3217193FA36F0052A7C6 /* LEANUrlCache.h */,
				209B3218193FA36F0052A7C6 /* LEANUrlCache.m */,
				2018EE931907671A00EC4311 /* LEANUrlInspector.h */,
				2018EE941907671A00EC4311 /* LEANUrlInspector.m */,
				2018EE931907671A00EC5311 /* LEANJsCustomCodeExecutor.h */,
				2018EE931907671A00EC5312 /* LEANJsCustomCodeExecutor.m */,
				2002B4F618A99C4100495B3D /* LEANUtilities.h */,
				2002B4F718A99C4100495B3D /* LEANUtilities.m */,
				2002B4B318A9991300495B3D /* LEANWebViewController.h */,
				2002B4B418A9991300495B3D /* LEANWebViewController.m */,
				2004AF7918F8F936001E01E9 /* LEANWebViewIntercept.h */,
				2004AF7A18F8F936001E01E9 /* LEANWebViewIntercept.m */,
				20E49F8019A2C30C00B9343E /* LEANWebViewPool.h */,
				20E49F8119A2C30C00B9343E /* LEANWebViewPool.m */,
				20C62B7C1D2708B7001D1646 /* GoNativeKeychain.swift */,
				204AE86118D4D60D009AF272 /* NSURL+LEANUtilities.h */,
				204AE86218D4D60D009AF272 /* NSURL+LEANUtilities.m */,
				202E989319EF30C8009C28AD /* Reachability.h */,
				202E989419EF30C8009C28AD /* Reachability.m */,
				2002B4AD18A9991300495B3D /* Main.storyboard */,
				2002B4D818A99A9900495B3D /* REFrostedViewController */,
				2002B4A218A9991300495B3D /* Supporting Files */,
				20C62B7B1D2708B7001D1646 /* GonativeIO-Bridging-Header.h */,
				BB9A3B002631D2A7002C38F1 /* LEANIcons.swift */,
				20CC8EFD2677BE470083982E /* WindowsController.swift */,
				BB182FAF2683478900DC8EAA /* LEANDlogDefinition.h */,
				BB3C460D26A9C1F9007D03DA /* GoNativeJSBridgeLibrary.js */,
				BB6E68A7273C7308004846A3 /* GNJSBridgeInterface.h */,
				BB6E68A8273C731E004846A3 /* GNJSBridgeInterface.m */,
				20DDA55A28BE706D00635E59 /* custom-icons.json */,
			);
			path = LeanIOS;
			sourceTree = "<group>";
		};
		2002B4A218A9991300495B3D /* Supporting Files */ = {
			isa = PBXGroup;
			children = (
				2002B4A318A9991300495B3D /* GoNativeIOS-Info.plist */,
				2002B4A418A9991300495B3D /* InfoPlist.strings */,
				2002B4A718A9991300495B3D /* main.m */,
				2002B4A918A9991300495B3D /* GoNativeIOS-Prefix.pch */,
			);
			name = "Supporting Files";
			sourceTree = "<group>";
		};
		2002B4C318A9991300495B3D /* LeanIOSTests */ = {
			isa = PBXGroup;
			children = (
				2002B4C918A9991300495B3D /* LeanIOSTests.m */,
				2002B4C418A9991300495B3D /* Supporting Files */,
			);
			path = LeanIOSTests;
			sourceTree = "<group>";
		};
		2002B4C418A9991300495B3D /* Supporting Files */ = {
			isa = PBXGroup;
			children = (
				2002B4C518A9991300495B3D /* GoNativeIOSTests-Info.plist */,
				2002B4C618A9991300495B3D /* InfoPlist.strings */,
			);
			name = "Supporting Files";
			sourceTree = "<group>";
		};
		2002B4D818A99A9900495B3D /* REFrostedViewController */ = {
			isa = PBXGroup;
			children = (
				2002B4D918A99A9900495B3D /* RECommonFunctions.h */,
				2002B4DA18A99A9900495B3D /* RECommonFunctions.m */,
				2002B4DB18A99A9900495B3D /* REFrostedContainerViewController.h */,
				2002B4DC18A99A9900495B3D /* REFrostedContainerViewController.m */,
				2002B4DD18A99A9900495B3D /* REFrostedViewController.h */,
				2002B4DE18A99A9900495B3D /* REFrostedViewController.m */,
				2002B4DF18A99A9900495B3D /* UIImage+REFrostedViewController.h */,
				2002B4E018A99A9900495B3D /* UIImage+REFrostedViewController.m */,
				2002B4E118A99A9900495B3D /* UIView+REFrostedViewController.h */,
				2002B4E218A99A9900495B3D /* UIView+REFrostedViewController.m */,
				2002B4E318A99A9900495B3D /* UIViewController+REFrostedViewController.h */,
				2002B4E418A99A9900495B3D /* UIViewController+REFrostedViewController.m */,
			);
			path = REFrostedViewController;
			sourceTree = "<group>";
		};
		209B32FF193FC4CE0052A7C6 /* lib */ = {
			isa = PBXGroup;
			children = (
				209B3307193FC4CE0052A7C6 /* libzipzap.a */,
				209B3300193FC4CE0052A7C6 /* include */,
			);
			path = lib;
			sourceTree = "<group>";
		};
		209B3300193FC4CE0052A7C6 /* include */ = {
			isa = PBXGroup;
			children = (
				209B3301193FC4CE0052A7C6 /* zipzap */,
			);
			path = include;
			sourceTree = "<group>";
		};
		209B3301193FC4CE0052A7C6 /* zipzap */ = {
			isa = PBXGroup;
			children = (
				20E471FF20B75AE7004E0045 /* zipzap.h */,
				20E4720120B75AE7004E0045 /* ZZAESDecryptInputStream.h */,
				20E4720B20B75AE8004E0045 /* ZZArchive.h */,
				20E4720420B75AE7004E0045 /* ZZArchiveEntry.h */,
				20E471FB20B75AE7004E0045 /* ZZArchiveEntryWriter.h */,
				20E4720C20B75AE8004E0045 /* ZZChannel.h */,
				20E4720620B75AE7004E0045 /* ZZChannelOutput.h */,
				20E471F920B75AE7004E0045 /* ZZConstants.h */,
				20E471FE20B75AE7004E0045 /* ZZDataChannel.h */,
				20E471FC20B75AE7004E0045 /* ZZDataChannelOutput.h */,
				20E471F720B75AE7004E0045 /* ZZDataProvider.h */,
				20E4720020B75AE7004E0045 /* ZZDeflateOutputStream.h */,
				20E471FD20B75AE7004E0045 /* ZZError.h */,
				20E4720D20B75AE8004E0045 /* ZZFileChannel.h */,
				20E471F520B75AE6004E0045 /* ZZFileChannelOutput.h */,
				20E4720520B75AE7004E0045 /* ZZHeaders.h */,
				20E4720320B75AE7004E0045 /* ZZInflateInputStream.h */,
				20E4720A20B75AE8004E0045 /* ZZNewArchiveEntry.h */,
				20E4720920B75AE8004E0045 /* ZZNewArchiveEntryWriter.h */,
				20E471FA20B75AE7004E0045 /* ZZOldArchiveEntry.h */,
				20E4720820B75AE8004E0045 /* ZZOldArchiveEntryWriter.h */,
				20E471F820B75AE7004E0045 /* ZZScopeGuard.h */,
				20E4720220B75AE7004E0045 /* ZZStandardCryptoEngine.h */,
				20E4720720B75AE7004E0045 /* ZZStandardDecryptInputStream.h */,
				20E471F620B75AE7004E0045 /* ZZStoreOutputStream.h */,
			);
			path = zipzap;
			sourceTree = "<group>";
		};
		20A13AA61905A3EC00B997DD /* Menus */ = {
			isa = PBXGroup;
			children = (
				2002B4F018A99C4100495B3D /* LEANMenuViewController.h */,
				2002B4F118A99C4100495B3D /* LEANMenuViewController.m */,
				20191C451923DF6400BF1549 /* LEANProfilePicker.h */,
				20191C461923DF6400BF1549 /* LEANProfilePicker.m */,
				20A13AA71905A43C00B997DD /* MenuGroupIcon.xib */,
				20A13AB71905DFFC00B997DD /* MenuGroupNoIcon.xib */,
				20A13ABB1905FAA600B997DD /* MenuChildNoIcon.xib */,
				20A13AB51905DED100B997DD /* MenuChildIcon.xib */,
			);
			name = Menus;
			sourceTree = "<group>";
		};
		20C23645193E32EA00F6ADF0 /* Config */ = {
			isa = PBXGroup;
			children = (
				208A9F41191AEBAD0049E664 /* appConfig.json */,
				209B321C193FB11A0052A7C6 /* localCache.zip */,
				20580E021B2E53730061943C /* offline.html */,
			);
			name = Config;
			sourceTree = "<group>";
		};
		94421A86163F4578AAF865FD /* Pods */ = {
			isa = PBXGroup;
			children = (
				E07AD9F93CDDA4A887CC8FBB /* Pods-GoNativeIOSTests.debug.xcconfig */,
				6321B2F0F247B73B862558F0 /* Pods-GoNativeIOSTests.release.xcconfig */,
				704A05039A2CBBE8CEFF1108 /* Pods-GonativeIO.debug.xcconfig */,
				123B42EE01E9717A212060F2 /* Pods-GonativeIO.release.xcconfig */,
			);
			path = Pods;
			sourceTree = "<group>";
		};
/* End PBXGroup section */

/* Begin PBXNativeTarget section */
		2002B49718A9991300495B3D /* GonativeIO */ = {
			isa = PBXNativeTarget;
			buildConfigurationList = 2002B4CD18A9991300495B3D /* Build configuration list for PBXNativeTarget "GonativeIO" */;
			buildPhases = (
				203E7F916C980AD1752153DE /* [CP] Check Pods Manifest.lock */,
				2002B49418A9991300495B3D /* Sources */,
				2002B49518A9991300495B3D /* Frameworks */,
				2002B49618A9991300495B3D /* Resources */,
				2081A2921F33ECE900057E3F /* Embed App Extensions */,
				62F936383ED2769E752E0C07 /* [CP] Embed Pods Frameworks */,
			);
			buildRules = (
			);
			dependencies = (
			);
			name = GonativeIO;
			productName = LeanIOS;
			productReference = 2002B49818A9991300495B3D /* GonativeIO.app */;
			productType = "com.apple.product-type.application";
		};
		2002B4BB18A9991300495B3D /* GoNativeIOSTests */ = {
			isa = PBXNativeTarget;
			buildConfigurationList = 2002B4D018A9991300495B3D /* Build configuration list for PBXNativeTarget "GoNativeIOSTests" */;
			buildPhases = (
				2726021EDB0A4B8F63959258 /* [CP] Check Pods Manifest.lock */,
				2002B4B818A9991300495B3D /* Sources */,
				2002B4B918A9991300495B3D /* Frameworks */,
				2002B4BA18A9991300495B3D /* Resources */,
			);
			buildRules = (
			);
			dependencies = (
				2002B4C218A9991300495B3D /* PBXTargetDependency */,
			);
			name = GoNativeIOSTests;
			productName = LeanIOSTests;
			productReference = 2002B4BC18A9991300495B3D /* GoNativeIOSTests.xctest */;
			productType = "com.apple.product-type.bundle.unit-test";
		};
/* End PBXNativeTarget section */

/* Begin PBXProject section */
		2002B49018A9991300495B3D /* Project object */ = {
			isa = PBXProject;
			attributes = {
				CLASSPREFIX = LEAN;
				LastSwiftUpdateCheck = 0730;
				LastUpgradeCheck = 1300;
				ORGANIZATIONNAME = "GoNative.io LLC";
				TargetAttributes = {
					2002B49718A9991300495B3D = {
						LastSwiftMigration = 1130;
						ProvisioningStyle = Automatic;
						SystemCapabilities = {
							com.apple.InAppPurchase = {
								enabled = 0;
							};
							com.apple.Push = {
								enabled = 0;
							};
							com.apple.SafariKeychain = {
								enabled = 0;
							};
						};
					};
					2002B4BB18A9991300495B3D = {
						TestTargetID = 2002B49718A9991300495B3D;
					};
				};
			};
			buildConfigurationList = 2002B49318A9991300495B3D /* Build configuration list for PBXProject "GoNativeIOS" */;
			compatibilityVersion = "Xcode 3.2";
			developmentRegion = en;
			hasScannedForEncodings = 0;
			knownRegions = (
				en,
				Base,
				fr,
				de,
				he,
				ca,
				cs,
				es,
				fi,
				gd,
				it,
				nl,
				tr,
				"pt-BR",
				"pt-PT",
				"es-419",
				hu,
				ar,
				da,
				"nn-NO",
			);
			mainGroup = 2002B48F18A9991300495B3D;
			productRefGroup = 2002B49918A9991300495B3D /* Products */;
			projectDirPath = "";
			projectRoot = "";
			targets = (
				2002B49718A9991300495B3D /* GonativeIO */,
				2002B4BB18A9991300495B3D /* GoNativeIOSTests */,
			);
		};
/* End PBXProject section */

/* Begin PBXResourcesBuildPhase section */
		2002B49618A9991300495B3D /* Resources */ = {
			isa = PBXResourcesBuildPhase;
			buildActionMask = 2147483647;
			files = (
				20B927AA28C4F03E004D4C15 /* custom-icons.ttf in Resources */,
				20F1F41024F969F0004F680B /* custom_sound_5.aff in Resources */,
				2002B51318AB093900495B3D /* jquery-2.1.0.min.js in Resources */,
				20A13ABC1905FAA600B997DD /* MenuChildNoIcon.xib in Resources */,
				BB3C460E26A9C1F9007D03DA /* GoNativeJSBridgeLibrary.js in Resources */,
				20580E031B2E53730061943C /* offline.html in Resources */,
				20AEC8CA234BE20200DBE24D /* Assets.xcassets in Resources */,
				20A13AB81905DFFC00B997DD /* MenuGroupNoIcon.xib in Resources */,
				2002B4B718A9991300495B3D /* Images.xcassets in Resources */,
				207577582195BE3500ADD73A /* LaunchScreenNoNav.storyboard in Resources */,
				20A13AB61905DED100B997DD /* MenuChildIcon.xib in Resources */,
				20890D872383421900BC9335 /* BlobDownloader.js in Resources */,
				2075775A2195D80300ADD73A /* LaunchScreenNav.storyboard in Resources */,
				209B321D193FB11A0052A7C6 /* localCache.zip in Resources */,
				20F1F40D24F969F0004F680B /* custom_sound_1.aff in Resources */,
				20DDA55B28BE706D00635E59 /* custom-icons.json in Resources */,
				209A964523BAC508001906F1 /* appbeep.wav in Resources */,
				BBD972F227AF17C500AD4FC0 /* GoogleService-Info.plist in Resources */,
				208A9F42191AEBAD0049E664 /* appConfig.json in Resources */,
				2002B4AF18A9991300495B3D /* Main.storyboard in Resources */,
				20F1F40F24F969F0004F680B /* custom_sound_3.aff in Resources */,
				2004820518B080DD005FDD9A /* SidebarHeaderView.xib in Resources */,
				2075775621957C1600ADD73A /* LaunchScreen.storyboard in Resources */,
				20F1F40E24F969F0004F680B /* custom_sound_4.aff in Resources */,
				200F75D01BCDA6B800C08BB5 /* notification.aff in Resources */,
				20A525EE1A7D94EE00936DC5 /* Settings.bundle in Resources */,
				20F1F41124F969F0004F680B /* custom_sound_2.aff in Resources */,
				2002B4A618A9991300495B3D /* InfoPlist.strings in Resources */,
				20689025215E9FD900419CB2 /* Localizable.strings in Resources */,
				20A13AA81905A43C00B997DD /* MenuGroupIcon.xib in Resources */,
			);
			runOnlyForDeploymentPostprocessing = 0;
		};
		2002B4BA18A9991300495B3D /* Resources */ = {
			isa = PBXResourcesBuildPhase;
			buildActionMask = 2147483647;
			files = (
				2002B4C818A9991300495B3D /* InfoPlist.strings in Resources */,
			);
			runOnlyForDeploymentPostprocessing = 0;
		};
/* End PBXResourcesBuildPhase section */

/* Begin PBXShellScriptBuildPhase section */
		203E7F916C980AD1752153DE /* [CP] Check Pods Manifest.lock */ = {
			isa = PBXShellScriptBuildPhase;
			buildActionMask = 2147483647;
			files = (
			);
			inputFileListPaths = (
			);
			inputPaths = (
				"${PODS_PODFILE_DIR_PATH}/Podfile.lock",
				"${PODS_ROOT}/Manifest.lock",
			);
			name = "[CP] Check Pods Manifest.lock";
			outputFileListPaths = (
			);
			outputPaths = (
				"$(DERIVED_FILE_DIR)/Pods-GonativeIO-checkManifestLockResult.txt",
			);
			runOnlyForDeploymentPostprocessing = 0;
			shellPath = /bin/sh;
			shellScript = "diff \"${PODS_PODFILE_DIR_PATH}/Podfile.lock\" \"${PODS_ROOT}/Manifest.lock\" > /dev/null\nif [ $? != 0 ] ; then\n    # print error to STDERR\n    echo \"error: The sandbox is not in sync with the Podfile.lock. Run 'pod install' or update your CocoaPods installation.\" >&2\n    exit 1\nfi\n# This output is used by Xcode 'outputs' to avoid re-running this script phase.\necho \"SUCCESS\" > \"${SCRIPT_OUTPUT_FILE_0}\"\n";
			showEnvVarsInLog = 0;
		};
		2726021EDB0A4B8F63959258 /* [CP] Check Pods Manifest.lock */ = {
			isa = PBXShellScriptBuildPhase;
			buildActionMask = 2147483647;
			files = (
			);
			inputFileListPaths = (
			);
			inputPaths = (
				"${PODS_PODFILE_DIR_PATH}/Podfile.lock",
				"${PODS_ROOT}/Manifest.lock",
			);
			name = "[CP] Check Pods Manifest.lock";
			outputFileListPaths = (
			);
			outputPaths = (
				"$(DERIVED_FILE_DIR)/Pods-GoNativeIOSTests-checkManifestLockResult.txt",
			);
			runOnlyForDeploymentPostprocessing = 0;
			shellPath = /bin/sh;
			shellScript = "diff \"${PODS_PODFILE_DIR_PATH}/Podfile.lock\" \"${PODS_ROOT}/Manifest.lock\" > /dev/null\nif [ $? != 0 ] ; then\n    # print error to STDERR\n    echo \"error: The sandbox is not in sync with the Podfile.lock. Run 'pod install' or update your CocoaPods installation.\" >&2\n    exit 1\nfi\n# This output is used by Xcode 'outputs' to avoid re-running this script phase.\necho \"SUCCESS\" > \"${SCRIPT_OUTPUT_FILE_0}\"\n";
			showEnvVarsInLog = 0;
		};
		62F936383ED2769E752E0C07 /* [CP] Embed Pods Frameworks */ = {
			isa = PBXShellScriptBuildPhase;
			buildActionMask = 2147483647;
			files = (
			);
			inputPaths = (
				"${PODS_ROOT}/Target Support Files/Pods-GonativeIO/Pods-GonativeIO-frameworks.sh",
				"${BUILT_PRODUCTS_DIR}/GonativeIcons/GonativeIcons.framework",
				"${PODS_XCFRAMEWORKS_BUILD_DIR}/GoNativeCore/Binary/GoNativeCore.framework/GoNativeCore",
				"${PODS_XCFRAMEWORKS_BUILD_DIR}/GoNativeCore/Binary/GoNative.framework/GoNative",
			);
			name = "[CP] Embed Pods Frameworks";
			outputPaths = (
				"${TARGET_BUILD_DIR}/${FRAMEWORKS_FOLDER_PATH}/GonativeIcons.framework",
				"${TARGET_BUILD_DIR}/${FRAMEWORKS_FOLDER_PATH}/GoNativeCore.framework",
				"${TARGET_BUILD_DIR}/${FRAMEWORKS_FOLDER_PATH}/GoNative.framework",
			);
			runOnlyForDeploymentPostprocessing = 0;
			shellPath = /bin/sh;
			shellScript = "\"${PODS_ROOT}/Target Support Files/Pods-GonativeIO/Pods-GonativeIO-frameworks.sh\"\n";
			showEnvVarsInLog = 0;
		};
/* End PBXShellScriptBuildPhase section */

/* Begin PBXSourcesBuildPhase section */
		2002B49418A9991300495B3D /* Sources */ = {
			isa = PBXSourcesBuildPhase;
			buildActionMask = 2147483647;
			files = (
				20CC06A72671191C00C794F2 /* LEANJsCustomCodeExecutor.m in Sources */,
				2004AF7B18F8F936001E01E9 /* LEANWebViewIntercept.m in Sources */,
				2002B4EA18A99A9900495B3D /* UIViewController+REFrostedViewController.m in Sources */,
				2002B4FA18A99C4100495B3D /* LEANNavigationController.m in Sources */,
				20CC8EFE2677BE470083982E /* WindowsController.swift in Sources */,
				2002B4B518A9991300495B3D /* LEANWebViewController.m in Sources */,
				2002B4E618A99A9900495B3D /* REFrostedContainerViewController.m in Sources */,
				20D77B701A2547E5008A938D /* LEANActionManager.m in Sources */,
				202E989519EF30C8009C28AD /* Reachability.m in Sources */,
				2089662718AC6753007FC34F /* LEANLoginManager.m in Sources */,
				2002B4FC18A99C4100495B3D /* LEANUtilities.m in Sources */,
				20E49F8219A2C30C00B9343E /* LEANWebViewPool.m in Sources */,
				2046CAFA1BC0790800714F66 /* GNRegistrationManager.m in Sources */,
				20F38BAE1B0D5AC700E90B4D /* LEANToolbarManager.m in Sources */,
				204D783F18F9A4F7005DD37E /* GTMNSString+HTML.m in Sources */,
				20B6B55519AC4C2E004019C4 /* LEANDocumentSharer.m in Sources */,
				20A7FF05197F6DDE006FDF44 /* LEANConfigUpdater.m in Sources */,
				209A964323BABF2D001906F1 /* GNBackgroundAudio.m in Sources */,
				BB6E68A9273C731E004846A3 /* GNJSBridgeInterface.m in Sources */,
				2002B4FB18A99C4100495B3D /* LEANRootViewController.m in Sources */,
				20C62B7D1D2708B7001D1646 /* GoNativeKeychain.swift in Sources */,
				2002B4E518A99A9900495B3D /* RECommonFunctions.m in Sources */,
				201AB2D61996AD66008C31BF /* LEANInstallation.m in Sources */,
				BB9A3B012631D2A7002C38F1 /* LEANIcons.swift in Sources */,
				2002B4AC18A9991300495B3D /* LEANAppDelegate.m in Sources */,
				20191C471923DF6400BF1549 /* LEANProfilePicker.m in Sources */,
				204AE86318D4D60D009AF272 /* NSURL+LEANUtilities.m in Sources */,
				39DE1B492935E67F0001E926 /* GNLogManager.m in Sources */,
				20912D732380DB7600506807 /* GNFileWriterSharer.m in Sources */,
				2092E238205C3E83005E8B71 /* GNConfigPreferences.m in Sources */,
				2002B4A818A9991300495B3D /* main.m in Sources */,
				2002B4E718A99A9900495B3D /* REFrostedViewController.m in Sources */,
				2018EE951907671A00EC4311 /* LEANUrlInspector.m in Sources */,
				20B8FFB71EB79D3F000F4CFA /* GNCustomHeaders.m in Sources */,
				2002B4E818A99A9900495B3D /* UIImage+REFrostedViewController.m in Sources */,
				2002B4E918A99A9900495B3D /* UIView+REFrostedViewController.m in Sources */,
				20FC7FB5199D1C7800A70B08 /* LEANTabManager.m in Sources */,
				209B3219193FA36F0052A7C6 /* LEANUrlCache.m in Sources */,
				2002B4F918A99C4100495B3D /* LEANMenuViewController.m in Sources */,
				39B8E8632858B04A00355B24 /* LEANRegexRulesManager.m in Sources */,
			);
			runOnlyForDeploymentPostprocessing = 0;
		};
		2002B4B818A9991300495B3D /* Sources */ = {
			isa = PBXSourcesBuildPhase;
			buildActionMask = 2147483647;
			files = (
				2002B4CA18A9991300495B3D /* LeanIOSTests.m in Sources */,
			);
			runOnlyForDeploymentPostprocessing = 0;
		};
/* End PBXSourcesBuildPhase section */

/* Begin PBXTargetDependency section */
		2002B4C218A9991300495B3D /* PBXTargetDependency */ = {
			isa = PBXTargetDependency;
			target = 2002B49718A9991300495B3D /* GonativeIO */;
			targetProxy = 2002B4C118A9991300495B3D /* PBXContainerItemProxy */;
		};
/* End PBXTargetDependency section */

/* Begin PBXVariantGroup section */
		2002B4A418A9991300495B3D /* InfoPlist.strings */ = {
			isa = PBXVariantGroup;
			children = (
				2002B4A518A9991300495B3D /* en */,
			);
			name = InfoPlist.strings;
			sourceTree = "<group>";
		};
		2002B4AD18A9991300495B3D /* Main.storyboard */ = {
			isa = PBXVariantGroup;
			children = (
				2002B4AE18A9991300495B3D /* Base */,
			);
			name = Main.storyboard;
			sourceTree = "<group>";
		};
		2002B4C618A9991300495B3D /* InfoPlist.strings */ = {
			isa = PBXVariantGroup;
			children = (
				2002B4C718A9991300495B3D /* en */,
			);
			name = InfoPlist.strings;
			sourceTree = "<group>";
		};
		20689023215E9FD900419CB2 /* Localizable.strings */ = {
			isa = PBXVariantGroup;
			children = (
				20689024215E9FD900419CB2 /* en */,
				20689026215EA28D00419CB2 /* fr */,
				20639D7E250CF4EF007FE46C /* de */,
				BB8BE4AD265CACCC00716F79 /* he */,
				BBCD25272665AB91000CEE11 /* ca */,
				BBCD25282665ABA0000CEE11 /* cs */,
				BBCD25292665ABB8000CEE11 /* es */,
				BBCD252A2665ABD0000CEE11 /* fi */,
				BBCD252B2665AD19000CEE11 /* gd */,
				BBCD252C2665AD44000CEE11 /* it */,
				BBCD252D2665ADBA000CEE11 /* nl */,
				BBCD252E2665ADD7000CEE11 /* tr */,
				B816044C27480DB900D1CA9C /* pt-BR */,
				B816044D27480E6800D1CA9C /* pt-PT */,
				B816044E27480EA500D1CA9C /* es-419 */,
				39A2444327F1F29A00A6D222 /* hu */,
				39A2444427F1F2DB00A6D222 /* ar */,
				39A2444727F1F33400A6D222 /* da */,
				39A2444927F1F4D400A6D222 /* nn-NO */,
			);
			name = Localizable.strings;
			sourceTree = "<group>";
		};
/* End PBXVariantGroup section */

/* Begin XCBuildConfiguration section */
		2002B4CB18A9991300495B3D /* Debug */ = {
			isa = XCBuildConfiguration;
			buildSettings = {
				ALWAYS_SEARCH_USER_PATHS = NO;
				BUILD_SETTINGS_APP_NAME = GoNative;
				CLANG_ANALYZER_LOCALIZABILITY_NONLOCALIZED = YES;
				CLANG_CXX_LANGUAGE_STANDARD = "gnu++0x";
				CLANG_CXX_LIBRARY = "libc++";
				CLANG_ENABLE_MODULES = YES;
				CLANG_ENABLE_OBJC_ARC = YES;
				CLANG_WARN_BLOCK_CAPTURE_AUTORELEASING = YES;
				CLANG_WARN_BOOL_CONVERSION = YES;
				CLANG_WARN_COMMA = YES;
				CLANG_WARN_CONSTANT_CONVERSION = YES;
				CLANG_WARN_DEPRECATED_OBJC_IMPLEMENTATIONS = YES;
				CLANG_WARN_DIRECT_OBJC_ISA_USAGE = YES_ERROR;
				CLANG_WARN_EMPTY_BODY = YES;
				CLANG_WARN_ENUM_CONVERSION = YES;
				CLANG_WARN_INFINITE_RECURSION = YES;
				CLANG_WARN_INT_CONVERSION = YES;
				CLANG_WARN_NON_LITERAL_NULL_CONVERSION = YES;
				CLANG_WARN_OBJC_IMPLICIT_RETAIN_SELF = YES;
				CLANG_WARN_OBJC_LITERAL_CONVERSION = YES;
				CLANG_WARN_OBJC_ROOT_CLASS = YES_ERROR;
				CLANG_WARN_QUOTED_INCLUDE_IN_FRAMEWORK_HEADER = YES;
				CLANG_WARN_RANGE_LOOP_ANALYSIS = YES;
				CLANG_WARN_STRICT_PROTOTYPES = YES;
				CLANG_WARN_SUSPICIOUS_MOVE = YES;
				CLANG_WARN_UNREACHABLE_CODE = YES;
				CLANG_WARN__DUPLICATE_METHOD_MATCH = YES;
				"CODE_SIGN_IDENTITY[sdk=iphoneos*]" = "iPhone Developer";
				COPY_PHASE_STRIP = NO;
				ENABLE_BITCODE = NO;
				ENABLE_STRICT_OBJC_MSGSEND = YES;
				ENABLE_TESTABILITY = YES;
				GCC_C_LANGUAGE_STANDARD = gnu99;
				GCC_DYNAMIC_NO_PIC = NO;
				GCC_NO_COMMON_BLOCKS = YES;
				GCC_OPTIMIZATION_LEVEL = 0;
				GCC_PREPROCESSOR_DEFINITIONS = (
					"DEBUG=1",
					"$(inherited)",
				);
				GCC_SYMBOLS_PRIVATE_EXTERN = NO;
				GCC_WARN_64_TO_32_BIT_CONVERSION = YES;
				GCC_WARN_ABOUT_RETURN_TYPE = YES_ERROR;
				GCC_WARN_UNDECLARED_SELECTOR = YES;
				GCC_WARN_UNINITIALIZED_AUTOS = YES;
				GCC_WARN_UNUSED_FUNCTION = YES;
				GCC_WARN_UNUSED_VARIABLE = YES;
				HEADER_SEARCH_PATHS = (
					"$(inherited)",
					/Applications/Xcode.app/Contents/Developer/Toolchains/XcodeDefault.xctoolchain/usr/include,
					"lib/include/**",
				);
				IPHONEOS_DEPLOYMENT_TARGET = 12.0;
				ONLY_ACTIVE_ARCH = YES;
				SDKROOT = iphoneos;
				TARGETED_DEVICE_FAMILY = "1,2";
				"VALID_ARCHS[sdk=iphonesimulator*]" = "x86_64 x86";
			};
			name = Debug;
		};
		2002B4CC18A9991300495B3D /* Release */ = {
			isa = XCBuildConfiguration;
			buildSettings = {
				ALWAYS_SEARCH_USER_PATHS = NO;
				BUILD_SETTINGS_APP_NAME = GoNative;
				CLANG_ANALYZER_LOCALIZABILITY_NONLOCALIZED = YES;
				CLANG_CXX_LANGUAGE_STANDARD = "gnu++0x";
				CLANG_CXX_LIBRARY = "libc++";
				CLANG_ENABLE_MODULES = YES;
				CLANG_ENABLE_OBJC_ARC = YES;
				CLANG_WARN_BLOCK_CAPTURE_AUTORELEASING = YES;
				CLANG_WARN_BOOL_CONVERSION = YES;
				CLANG_WARN_COMMA = YES;
				CLANG_WARN_CONSTANT_CONVERSION = YES;
				CLANG_WARN_DEPRECATED_OBJC_IMPLEMENTATIONS = YES;
				CLANG_WARN_DIRECT_OBJC_ISA_USAGE = YES_ERROR;
				CLANG_WARN_EMPTY_BODY = YES;
				CLANG_WARN_ENUM_CONVERSION = YES;
				CLANG_WARN_INFINITE_RECURSION = YES;
				CLANG_WARN_INT_CONVERSION = YES;
				CLANG_WARN_NON_LITERAL_NULL_CONVERSION = YES;
				CLANG_WARN_OBJC_IMPLICIT_RETAIN_SELF = YES;
				CLANG_WARN_OBJC_LITERAL_CONVERSION = YES;
				CLANG_WARN_OBJC_ROOT_CLASS = YES_ERROR;
				CLANG_WARN_QUOTED_INCLUDE_IN_FRAMEWORK_HEADER = YES;
				CLANG_WARN_RANGE_LOOP_ANALYSIS = YES;
				CLANG_WARN_STRICT_PROTOTYPES = YES;
				CLANG_WARN_SUSPICIOUS_MOVE = YES;
				CLANG_WARN_UNREACHABLE_CODE = YES;
				CLANG_WARN__DUPLICATE_METHOD_MATCH = YES;
				"CODE_SIGN_IDENTITY[sdk=iphoneos*]" = "iPhone Developer";
				COPY_PHASE_STRIP = YES;
				ENABLE_BITCODE = NO;
				ENABLE_NS_ASSERTIONS = NO;
				ENABLE_STRICT_OBJC_MSGSEND = YES;
				GCC_C_LANGUAGE_STANDARD = gnu99;
				GCC_NO_COMMON_BLOCKS = YES;
				GCC_WARN_64_TO_32_BIT_CONVERSION = YES;
				GCC_WARN_ABOUT_RETURN_TYPE = YES_ERROR;
				GCC_WARN_UNDECLARED_SELECTOR = YES;
				GCC_WARN_UNINITIALIZED_AUTOS = YES;
				GCC_WARN_UNUSED_FUNCTION = YES;
				GCC_WARN_UNUSED_VARIABLE = YES;
				HEADER_SEARCH_PATHS = (
					"$(inherited)",
					/Applications/Xcode.app/Contents/Developer/Toolchains/XcodeDefault.xctoolchain/usr/include,
					"lib/include/**",
				);
				IPHONEOS_DEPLOYMENT_TARGET = 12.0;
				SDKROOT = iphoneos;
				SWIFT_OPTIMIZATION_LEVEL = "-Owholemodule";
				TARGETED_DEVICE_FAMILY = "1,2";
				VALIDATE_PRODUCT = YES;
				"VALID_ARCHS[sdk=iphonesimulator*]" = "x86_64 x86";
			};
			name = Release;
		};
		2002B4CE18A9991300495B3D /* Debug */ = {
			isa = XCBuildConfiguration;
			baseConfigurationReference = 704A05039A2CBBE8CEFF1108 /* Pods-GonativeIO.debug.xcconfig */;
			buildSettings = {
				ASSETCATALOG_COMPILER_APPICON_NAME = AppIcon;
				CLANG_ENABLE_MODULES = YES;
				CODE_SIGN_ENTITLEMENTS = GonativeIO.entitlements;
				CODE_SIGN_IDENTITY = "Apple Development";
				"CODE_SIGN_IDENTITY[sdk=iphoneos*]" = "iPhone Developer";
				CODE_SIGN_STYLE = Automatic;
				CURRENT_PROJECT_VERSION = 2;
				DEVELOPMENT_TEAM = "";
				FRAMEWORK_SEARCH_PATHS = (
					"$(inherited)",
					.,
					"$(PROJECT_DIR)",
				);
				GCC_PRECOMPILE_PREFIX_HEADER = YES;
				GCC_PREFIX_HEADER = "LeanIOS/GoNativeIOS-Prefix.pch";
				INFOPLIST_FILE = "LeanIOS/GoNativeIOS-Info.plist";
				LD_RUNPATH_SEARCH_PATHS = "$(inherited) @executable_path/Frameworks";
				LIBRARY_SEARCH_PATHS = (
					"$(inherited)",
					"$(PROJECT_DIR)/lib",
					"$(PROJECT_DIR)/lib/include",
				);
				MARKETING_VERSION = 1.0;
				OTHER_LDFLAGS = (
					"-ObjC",
					"$(inherited)",
				);
				PRODUCT_BUNDLE_IDENTIFIER = io.gonative.ios.dev;
				PRODUCT_NAME = "${TARGET_NAME}";
				PROVISIONING_PROFILE = "";
				PROVISIONING_PROFILE_SPECIFIER = "";
				SWIFT_OBJC_BRIDGING_HEADER = "LeanIOS/GonativeIO-Bridging-Header.h";
				SWIFT_OBJC_INTERFACE_HEADER_NAME = "GonativeIO-Swift.h";
				SWIFT_OPTIMIZATION_LEVEL = "-Onone";
				SWIFT_SWIFT3_OBJC_INFERENCE = Default;
				SWIFT_VERSION = 5.0;
				WRAPPER_EXTENSION = app;
			};
			name = Debug;
		};
		2002B4CF18A9991300495B3D /* Release */ = {
			isa = XCBuildConfiguration;
			baseConfigurationReference = 123B42EE01E9717A212060F2 /* Pods-GonativeIO.release.xcconfig */;
			buildSettings = {
				ASSETCATALOG_COMPILER_APPICON_NAME = AppIcon;
				CLANG_ENABLE_MODULES = YES;
				CODE_SIGN_ENTITLEMENTS = GonativeIO.entitlements;
				CODE_SIGN_IDENTITY = "Apple Development";
				"CODE_SIGN_IDENTITY[sdk=iphoneos*]" = "iPhone Developer";
				CODE_SIGN_STYLE = Automatic;
				CURRENT_PROJECT_VERSION = 2;
				DEVELOPMENT_TEAM = "";
				FRAMEWORK_SEARCH_PATHS = (
					"$(inherited)",
					.,
					"$(PROJECT_DIR)",
				);
				GCC_PRECOMPILE_PREFIX_HEADER = YES;
				GCC_PREFIX_HEADER = "LeanIOS/GoNativeIOS-Prefix.pch";
				INFOPLIST_FILE = "LeanIOS/GoNativeIOS-Info.plist";
				LD_RUNPATH_SEARCH_PATHS = "$(inherited) @executable_path/Frameworks";
				LIBRARY_SEARCH_PATHS = (
					"$(inherited)",
					"$(PROJECT_DIR)/lib",
					"$(PROJECT_DIR)/lib/include",
				);
				MARKETING_VERSION = 1.0;
				OTHER_LDFLAGS = (
					"-ObjC",
					"$(inherited)",
				);
				PRODUCT_BUNDLE_IDENTIFIER = io.gonative.ios.dev;
				PRODUCT_NAME = "${TARGET_NAME}";
				PROVISIONING_PROFILE = "";
				PROVISIONING_PROFILE_SPECIFIER = "";
				SWIFT_OBJC_BRIDGING_HEADER = "LeanIOS/GonativeIO-Bridging-Header.h";
				SWIFT_OBJC_INTERFACE_HEADER_NAME = "GonativeIO-Swift.h";
				SWIFT_SWIFT3_OBJC_INFERENCE = Default;
				SWIFT_VERSION = 5.0;
				WRAPPER_EXTENSION = app;
			};
			name = Release;
		};
		2002B4D118A9991300495B3D /* Debug */ = {
			isa = XCBuildConfiguration;
			baseConfigurationReference = E07AD9F93CDDA4A887CC8FBB /* Pods-GoNativeIOSTests.debug.xcconfig */;
			buildSettings = {
				BUNDLE_LOADER = "$(BUILT_PRODUCTS_DIR)/GonativeIO.app/GonativeIO";
				FRAMEWORK_SEARCH_PATHS = (
					"$(SDKROOT)/Developer/Library/Frameworks",
					"$(inherited)",
					"$(DEVELOPER_FRAMEWORKS_DIR)",
				);
				GCC_PRECOMPILE_PREFIX_HEADER = YES;
				GCC_PREFIX_HEADER = "LeanIOS/GonativeIOS-Prefix.pch";
				GCC_PREPROCESSOR_DEFINITIONS = (
					"DEBUG=1",
					"$(inherited)",
				);
				INFOPLIST_FILE = "LeanIOSTests/GoNativeIOSTests-Info.plist";
				PRODUCT_BUNDLE_IDENTIFIER = "io.gonative.${PRODUCT_NAME:rfc1034identifier}";
				PRODUCT_NAME = GoNativeIOSTests;
				TEST_HOST = "$(BUNDLE_LOADER)";
				WRAPPER_EXTENSION = xctest;
			};
			name = Debug;
		};
		2002B4D218A9991300495B3D /* Release */ = {
			isa = XCBuildConfiguration;
			baseConfigurationReference = 6321B2F0F247B73B862558F0 /* Pods-GoNativeIOSTests.release.xcconfig */;
			buildSettings = {
				BUNDLE_LOADER = "$(BUILT_PRODUCTS_DIR)/GonativeIO.app/GonativeIO";
				FRAMEWORK_SEARCH_PATHS = (
					"$(SDKROOT)/Developer/Library/Frameworks",
					"$(inherited)",
					"$(DEVELOPER_FRAMEWORKS_DIR)",
				);
				GCC_PRECOMPILE_PREFIX_HEADER = YES;
				GCC_PREFIX_HEADER = "LeanIOS/GonativeIOS-Prefix.pch";
				INFOPLIST_FILE = "LeanIOSTests/GoNativeIOSTests-Info.plist";
				PRODUCT_BUNDLE_IDENTIFIER = "io.gonative.${PRODUCT_NAME:rfc1034identifier}";
				PRODUCT_NAME = GoNativeIOSTests;
				TEST_HOST = "$(BUNDLE_LOADER)";
				WRAPPER_EXTENSION = xctest;
			};
			name = Release;
		};
/* End XCBuildConfiguration section */

/* Begin XCConfigurationList section */
		2002B49318A9991300495B3D /* Build configuration list for PBXProject "GoNativeIOS" */ = {
			isa = XCConfigurationList;
			buildConfigurations = (
				2002B4CB18A9991300495B3D /* Debug */,
				2002B4CC18A9991300495B3D /* Release */,
			);
			defaultConfigurationIsVisible = 0;
			defaultConfigurationName = Release;
		};
		2002B4CD18A9991300495B3D /* Build configuration list for PBXNativeTarget "GonativeIO" */ = {
			isa = XCConfigurationList;
			buildConfigurations = (
				2002B4CE18A9991300495B3D /* Debug */,
				2002B4CF18A9991300495B3D /* Release */,
			);
			defaultConfigurationIsVisible = 0;
			defaultConfigurationName = Release;
		};
		2002B4D018A9991300495B3D /* Build configuration list for PBXNativeTarget "GoNativeIOSTests" */ = {
			isa = XCConfigurationList;
			buildConfigurations = (
				2002B4D118A9991300495B3D /* Debug */,
				2002B4D218A9991300495B3D /* Release */,
			);
			defaultConfigurationIsVisible = 0;
			defaultConfigurationName = Release;
		};
/* End XCConfigurationList section */
	};
	rootObject = 2002B49018A9991300495B3D /* Project object */;
}
